PODS:
  - iOSSnapshotTestCase (8.0.0):
    - iOSSnapshotTestCase/SwiftSupport (= 8.0.0)
  - iOSSnapshotTestCase/Core (8.0.0)
  - iOSSnapshotTestCase/SwiftSupport (8.0.0):
    - iOSSnapshotTestCase/Core
  - SwiftLint (0.52.2)

DEPENDENCIES:
  - iOSSnapshotTestCase
  - SwiftLint

SPEC REPOS:
  trunk:
    - iOSSnapshotTestCase
    - SwiftLint

SPEC CHECKSUMS:
  iOSSnapshotTestCase: a670511f9ee3829c2b9c23e6e68f315fd7b6790f
  SwiftLint: 1ac76dac888ca05cb0cf24d0c85887ec1209961d

PODFILE CHECKSUM: a08649da5c15eeabeb6d7359f67102ca9f7e9a61

COCOAPODS: 1.12.0
