// !$*UTF8*$!
{
	archiveVersion = 1;
	classes = {
	};
	objectVersion = 56;
	objects = {

/* Begin PBXBuildFile section */
		6CA35AAEF8979E98FABF028B /* Pods_GitHubUserInformation.framework in Frameworks */ = {isa = PBXBuildFile; fileRef = 669A0541CD6F45A4708EB73D /* Pods_GitHubUserInformation.framework */; };
		94021A692A19068000081271 /* AppDelegate.swift in Sources */ = {isa = PBXBuildFile; fileRef = 94021A682A19068000081271 /* AppDelegate.swift */; };
		94021A722A19068200081271 /* Assets.xcassets in Resources */ = {isa = PBXBuildFile; fileRef = 94021A712A19068200081271 /* Assets.xcassets */; };
		94021A752A19068200081271 /* LaunchScreen.storyboard in Resources */ = {isa = PBXBuildFile; fileRef = 94021A732A19068200081271 /* LaunchScreen.storyboard */; };
		94021A802A19068200081271 /* GitHubUserInformationTests.swift in Sources */ = {isa = PBXBuildFile; fileRef = 94021A7F2A19068200081271 /* GitHubUserInformationTests.swift */; };
		94021A8A2A19068200081271 /* GitHubUserInformationUITests.swift in Sources */ = {isa = PBXBuildFile; fileRef = 94021A892A19068200081271 /* GitHubUserInformationUITests.swift */; };
		94021A8C2A19068200081271 /* GitHubUserInformationUITestsLaunchTests.swift in Sources */ = {isa = PBXBuildFile; fileRef = 94021A8B2A19068200081271 /* GitHubUserInformationUITestsLaunchTests.swift */; };
		94021AA32A190AC400081271 /* UserResponse.swift in Sources */ = {isa = PBXBuildFile; fileRef = 94021AA22A190AC400081271 /* UserResponse.swift */; };
		94021AA62A190AF700081271 /* HomeViewController.swift in Sources */ = {isa = PBXBuildFile; fileRef = 94021AA52A190AF700081271 /* HomeViewController.swift */; };
		9478D7FA2A19251500A1A72A /* BundleData.swift in Sources */ = {isa = PBXBuildFile; fileRef = 9478D7F92A19251500A1A72A /* BundleData.swift */; };
		9478D7FD2A1925A900A1A72A /* BaseError.swift in Sources */ = {isa = PBXBuildFile; fileRef = 9478D7FC2A1925A900A1A72A /* BaseError.swift */; };
		B3B39717CA9AE3B23DA05DD5 /* Pods_GitHubUserInformation_GitHubUserInformationUITests.framework in Frameworks */ = {isa = PBXBuildFile; fileRef = 9836A1FC31C560DD28AEC1EE /* Pods_GitHubUserInformation_GitHubUserInformationUITests.framework */; };
		F12885B89733209C28F1D6AE /* Pods_GitHubUserInformation_GitHubUserInformationTests.framework in Frameworks */ = {isa = PBXBuildFile; fileRef = 60A2E85307132B0820F72648 /* Pods_GitHubUserInformation_GitHubUserInformationTests.framework */; };
/* End PBXBuildFile section */

/* Begin PBXContainerItemProxy section */
		94021A7C2A19068200081271 /* PBXContainerItemProxy */ = {
			isa = PBXContainerItemProxy;
			containerPortal = 94021A5D2A19068000081271 /* Project object */;
			proxyType = 1;
			remoteGlobalIDString = 94021A642A19068000081271;
			remoteInfo = GitHubUserInformation;
		};
		94021A862A19068200081271 /* PBXContainerItemProxy */ = {
			isa = PBXContainerItemProxy;
			containerPortal = 94021A5D2A19068000081271 /* Project object */;
			proxyType = 1;
			remoteGlobalIDString = 94021A642A19068000081271;
			remoteInfo = GitHubUserInformation;
		};
/* End PBXContainerItemProxy section */

/* Begin PBXFileReference section */
		337319C77D9BD50919C10E9D /* Pods-GitHubUserInformation-GitHubUserInformationUITests.debug.xcconfig */ = {isa = PBXFileReference; includeInIndex = 1; lastKnownFileType = text.xcconfig; name = "Pods-GitHubUserInformation-GitHubUserInformationUITests.debug.xcconfig"; path = "Target Support Files/Pods-GitHubUserInformation-GitHubUserInformationUITests/Pods-GitHubUserInformation-GitHubUserInformationUITests.debug.xcconfig"; sourceTree = "<group>"; };
		38095FDE96A6299CF0270308 /* Pods-GitHubUserInformation-GitHubUserInformationTests.release.xcconfig */ = {isa = PBXFileReference; includeInIndex = 1; lastKnownFileType = text.xcconfig; name = "Pods-GitHubUserInformation-GitHubUserInformationTests.release.xcconfig"; path = "Target Support Files/Pods-GitHubUserInformation-GitHubUserInformationTests/Pods-GitHubUserInformation-GitHubUserInformationTests.release.xcconfig"; sourceTree = "<group>"; };
		60A2E85307132B0820F72648 /* Pods_GitHubUserInformation_GitHubUserInformationTests.framework */ = {isa = PBXFileReference; explicitFileType = wrapper.framework; includeInIndex = 0; path = Pods_GitHubUserInformation_GitHubUserInformationTests.framework; sourceTree = BUILT_PRODUCTS_DIR; };
		64807AFF9800C83BF49A6343 /* Pods-GitHubUserInformation.debug.xcconfig */ = {isa = PBXFileReference; includeInIndex = 1; lastKnownFileType = text.xcconfig; name = "Pods-GitHubUserInformation.debug.xcconfig"; path = "Target Support Files/Pods-GitHubUserInformation/Pods-GitHubUserInformation.debug.xcconfig"; sourceTree = "<group>"; };
		669A0541CD6F45A4708EB73D /* Pods_GitHubUserInformation.framework */ = {isa = PBXFileReference; explicitFileType = wrapper.framework; includeInIndex = 0; path = Pods_GitHubUserInformation.framework; sourceTree = BUILT_PRODUCTS_DIR; };
		77AF92F4A93A3195C18A346C /* Pods-GitHubUserInformation-GitHubUserInformationTests.debug.xcconfig */ = {isa = PBXFileReference; includeInIndex = 1; lastKnownFileType = text.xcconfig; name = "Pods-GitHubUserInformation-GitHubUserInformationTests.debug.xcconfig"; path = "Target Support Files/Pods-GitHubUserInformation-GitHubUserInformationTests/Pods-GitHubUserInformation-GitHubUserInformationTests.debug.xcconfig"; sourceTree = "<group>"; };
		7BB4B2749480FEF3E36C26F0 /* Pods-GitHubUserInformation-GitHubUserInformationUITests.release.xcconfig */ = {isa = PBXFileReference; includeInIndex = 1; lastKnownFileType = text.xcconfig; name = "Pods-GitHubUserInformation-GitHubUserInformationUITests.release.xcconfig"; path = "Target Support Files/Pods-GitHubUserInformation-GitHubUserInformationUITests/Pods-GitHubUserInformation-GitHubUserInformationUITests.release.xcconfig"; sourceTree = "<group>"; };
		94021A652A19068000081271 /* GitHubUserInformation.app */ = {isa = PBXFileReference; explicitFileType = wrapper.application; includeInIndex = 0; path = GitHubUserInformation.app; sourceTree = BUILT_PRODUCTS_DIR; };
		94021A682A19068000081271 /* AppDelegate.swift */ = {isa = PBXFileReference; lastKnownFileType = sourcecode.swift; path = AppDelegate.swift; sourceTree = "<group>"; };
		94021A712A19068200081271 /* Assets.xcassets */ = {isa = PBXFileReference; lastKnownFileType = folder.assetcatalog; path = Assets.xcassets; sourceTree = "<group>"; };
		94021A742A19068200081271 /* Base */ = {isa = PBXFileReference; lastKnownFileType = file.storyboard; name = Base; path = Base.lproj/LaunchScreen.storyboard; sourceTree = "<group>"; };
		94021A762A19068200081271 /* Info.plist */ = {isa = PBXFileReference; lastKnownFileType = text.plist.xml; path = Info.plist; sourceTree = "<group>"; };
		94021A7B2A19068200081271 /* GitHubUserInformationTests.xctest */ = {isa = PBXFileReference; explicitFileType = wrapper.cfbundle; includeInIndex = 0; path = GitHubUserInformationTests.xctest; sourceTree = BUILT_PRODUCTS_DIR; };
		94021A7F2A19068200081271 /* GitHubUserInformationTests.swift */ = {isa = PBXFileReference; lastKnownFileType = sourcecode.swift; path = GitHubUserInformationTests.swift; sourceTree = "<group>"; };
		94021A852A19068200081271 /* GitHubUserInformationUITests.xctest */ = {isa = PBXFileReference; explicitFileType = wrapper.cfbundle; includeInIndex = 0; path = GitHubUserInformationUITests.xctest; sourceTree = BUILT_PRODUCTS_DIR; };
		94021A892A19068200081271 /* GitHubUserInformationUITests.swift */ = {isa = PBXFileReference; lastKnownFileType = sourcecode.swift; path = GitHubUserInformationUITests.swift; sourceTree = "<group>"; };
		94021A8B2A19068200081271 /* GitHubUserInformationUITestsLaunchTests.swift */ = {isa = PBXFileReference; lastKnownFileType = sourcecode.swift; path = GitHubUserInformationUITestsLaunchTests.swift; sourceTree = "<group>"; };
		94021AA22A190AC400081271 /* UserResponse.swift */ = {isa = PBXFileReference; fileEncoding = 4; lastKnownFileType = sourcecode.swift; path = UserResponse.swift; sourceTree = "<group>"; };
		94021AA52A190AF700081271 /* HomeViewController.swift */ = {isa = PBXFileReference; lastKnownFileType = sourcecode.swift; path = HomeViewController.swift; sourceTree = "<group>"; };
		9478D7F92A19251500A1A72A /* BundleData.swift */ = {isa = PBXFileReference; lastKnownFileType = sourcecode.swift; path = BundleData.swift; sourceTree = "<group>"; };
		9478D7FC2A1925A900A1A72A /* BaseError.swift */ = {isa = PBXFileReference; lastKnownFileType = sourcecode.swift; path = BaseError.swift; sourceTree = "<group>"; };
		97B4BF2849172EB6534A29FD /* Pods-GitHubUserInformation.release.xcconfig */ = {isa = PBXFileReference; includeInIndex = 1; lastKnownFileType = text.xcconfig; name = "Pods-GitHubUserInformation.release.xcconfig"; path = "Target Support Files/Pods-GitHubUserInformation/Pods-GitHubUserInformation.release.xcconfig"; sourceTree = "<group>"; };
		9836A1FC31C560DD28AEC1EE /* Pods_GitHubUserInformation_GitHubUserInformationUITests.framework */ = {isa = PBXFileReference; explicitFileType = wrapper.framework; includeInIndex = 0; path = Pods_GitHubUserInformation_GitHubUserInformationUITests.framework; sourceTree = BUILT_PRODUCTS_DIR; };
/* End PBXFileReference section */

/* Begin PBXFrameworksBuildPhase section */
		94021A622A19068000081271 /* Frameworks */ = {
			isa = PBXFrameworksBuildPhase;
			buildActionMask = 2147483647;
			files = (
				6CA35AAEF8979E98FABF028B /* Pods_GitHubUserInformation.framework in Frameworks */,
			);
			runOnlyForDeploymentPostprocessing = 0;
		};
		94021A782A19068200081271 /* Frameworks */ = {
			isa = PBXFrameworksBuildPhase;
			buildActionMask = 2147483647;
			files = (
				F12885B89733209C28F1D6AE /* Pods_GitHubUserInformation_GitHubUserInformationTests.framework in Frameworks */,
			);
			runOnlyForDeploymentPostprocessing = 0;
		};
		94021A822A19068200081271 /* Frameworks */ = {
			isa = PBXFrameworksBuildPhase;
			buildActionMask = 2147483647;
			files = (
				B3B39717CA9AE3B23DA05DD5 /* Pods_GitHubUserInformation_GitHubUserInformationUITests.framework in Frameworks */,
			);
			runOnlyForDeploymentPostprocessing = 0;
		};
/* End PBXFrameworksBuildPhase section */

/* Begin PBXGroup section */
		4D28B21B2F93E159353913CA /* Pods */ = {
			isa = PBXGroup;
			children = (
				64807AFF9800C83BF49A6343 /* Pods-GitHubUserInformation.debug.xcconfig */,
				97B4BF2849172EB6534A29FD /* Pods-GitHubUserInformation.release.xcconfig */,
				77AF92F4A93A3195C18A346C /* Pods-GitHubUserInformation-GitHubUserInformationTests.debug.xcconfig */,
				38095FDE96A6299CF0270308 /* Pods-GitHubUserInformation-GitHubUserInformationTests.release.xcconfig */,
				337319C77D9BD50919C10E9D /* Pods-GitHubUserInformation-GitHubUserInformationUITests.debug.xcconfig */,
				7BB4B2749480FEF3E36C26F0 /* Pods-GitHubUserInformation-GitHubUserInformationUITests.release.xcconfig */,
			);
			path = Pods;
			sourceTree = "<group>";
		};
		94021A5C2A19068000081271 = {
			isa = PBXGroup;
			children = (
				94021A672A19068000081271 /* GitHubUserInformation */,
				94021A7E2A19068200081271 /* GitHubUserInformationTests */,
				94021A882A19068200081271 /* GitHubUserInformationUITests */,
				94021A662A19068000081271 /* Products */,
				4D28B21B2F93E159353913CA /* Pods */,
				F658287E5E5D6928D8C07EC8 /* Frameworks */,
			);
			sourceTree = "<group>";
		};
		94021A662A19068000081271 /* Products */ = {
			isa = PBXGroup;
			children = (
				94021A652A19068000081271 /* GitHubUserInformation.app */,
				94021A7B2A19068200081271 /* GitHubUserInformationTests.xctest */,
				94021A852A19068200081271 /* GitHubUserInformationUITests.xctest */,
			);
			name = Products;
			sourceTree = "<group>";
		};
		94021A672A19068000081271 /* GitHubUserInformation */ = {
			isa = PBXGroup;
			children = (
				94021A9A2A19096200081271 /* SuportFiles */,
				94021A992A1906AC00081271 /* Resources */,
				94021A982A19069100081271 /* Sources */,
			);
			path = GitHubUserInformation;
			sourceTree = "<group>";
		};
		94021A7E2A19068200081271 /* GitHubUserInformationTests */ = {
			isa = PBXGroup;
			children = (
				94021A7F2A19068200081271 /* GitHubUserInformationTests.swift */,
			);
			path = GitHubUserInformationTests;
			sourceTree = "<group>";
		};
		94021A882A19068200081271 /* GitHubUserInformationUITests */ = {
			isa = PBXGroup;
			children = (
				94021A892A19068200081271 /* GitHubUserInformationUITests.swift */,
				94021A8B2A19068200081271 /* GitHubUserInformationUITestsLaunchTests.swift */,
			);
			path = GitHubUserInformationUITests;
			sourceTree = "<group>";
		};
		94021A982A19069100081271 /* Sources */ = {
			isa = PBXGroup;
			children = (
				9478D7F52A1924B200A1A72A /* Infrastructure */,
				94021A9B2A190A6000081271 /* Feature */,
			);
			path = Sources;
			sourceTree = "<group>";
		};
		94021A992A1906AC00081271 /* Resources */ = {
			isa = PBXGroup;
			children = (
				94021A712A19068200081271 /* Assets.xcassets */,
			);
			path = Resources;
			sourceTree = "<group>";
		};
		94021A9A2A19096200081271 /* SuportFiles */ = {
			isa = PBXGroup;
			children = (
				94021A732A19068200081271 /* LaunchScreen.storyboard */,
				94021A762A19068200081271 /* Info.plist */,
				94021A682A19068000081271 /* AppDelegate.swift */,
			);
			path = SuportFiles;
			sourceTree = "<group>";
		};
		94021A9B2A190A6000081271 /* Feature */ = {
			isa = PBXGroup;
			children = (
				94021A9C2A190A6800081271 /* User */,
			);
			path = Feature;
			sourceTree = "<group>";
		};
		94021A9C2A190A6800081271 /* User */ = {
			isa = PBXGroup;
			children = (
				94021A9F2A190A8200081271 /* Data */,
				94021A9E2A190A7C00081271 /* Domain */,
				94021A9D2A190A6F00081271 /* Presentation */,
			);
			path = User;
			sourceTree = "<group>";
		};
		94021A9D2A190A6F00081271 /* Presentation */ = {
			isa = PBXGroup;
			children = (
				94021AA42A190ACB00081271 /* ViewController */,
			);
			path = Presentation;
			sourceTree = "<group>";
		};
		94021A9E2A190A7C00081271 /* Domain */ = {
			isa = PBXGroup;
			children = (
			);
			path = Domain;
			sourceTree = "<group>";
		};
		94021A9F2A190A8200081271 /* Data */ = {
			isa = PBXGroup;
			children = (
				94021AA02A190A8900081271 /* Model */,
			);
			path = Data;
			sourceTree = "<group>";
		};
		94021AA02A190A8900081271 /* Model */ = {
			isa = PBXGroup;
			children = (
				94021AA12A190A8E00081271 /* Response */,
			);
			path = Model;
			sourceTree = "<group>";
		};
		94021AA12A190A8E00081271 /* Response */ = {
			isa = PBXGroup;
			children = (
				94021AA22A190AC400081271 /* UserResponse.swift */,
			);
			path = Response;
			sourceTree = "<group>";
		};
		94021AA42A190ACB00081271 /* ViewController */ = {
			isa = PBXGroup;
			children = (
				94021AA52A190AF700081271 /* HomeViewController.swift */,
			);
			path = ViewController;
			sourceTree = "<group>";
		};
		9478D7F52A1924B200A1A72A /* Infrastructure */ = {
			isa = PBXGroup;
			children = (
				9478D7F62A1924CC00A1A72A /* Core */,
			);
			path = Infrastructure;
			sourceTree = "<group>";
		};
		9478D7F62A1924CC00A1A72A /* Core */ = {
			isa = PBXGroup;
			children = (
				9478D7F72A1924DC00A1A72A /* Enums */,
			);
			path = Core;
			sourceTree = "<group>";
		};
		9478D7F72A1924DC00A1A72A /* Enums */ = {
			isa = PBXGroup;
			children = (
				9478D7FB2A19258300A1A72A /* BaseError */,
				9478D7F82A1924E900A1A72A /* Bundle */,
			);
			path = Enums;
			sourceTree = "<group>";
		};
		9478D7F82A1924E900A1A72A /* Bundle */ = {
			isa = PBXGroup;
			children = (
				9478D7F92A19251500A1A72A /* BundleData.swift */,
			);
			path = Bundle;
			sourceTree = "<group>";
		};
		9478D7FB2A19258300A1A72A /* BaseError */ = {
			isa = PBXGroup;
			children = (
				9478D7FC2A1925A900A1A72A /* BaseError.swift */,
			);
			path = BaseError;
			sourceTree = "<group>";
		};
		F658287E5E5D6928D8C07EC8 /* Frameworks */ = {
			isa = PBXGroup;
			children = (
				669A0541CD6F45A4708EB73D /* Pods_GitHubUserInformation.framework */,
				60A2E85307132B0820F72648 /* Pods_GitHubUserInformation_GitHubUserInformationTests.framework */,
				9836A1FC31C560DD28AEC1EE /* Pods_GitHubUserInformation_GitHubUserInformationUITests.framework */,
			);
			name = Frameworks;
			sourceTree = "<group>";
		};
/* End PBXGroup section */

/* Begin PBXNativeTarget section */
		94021A642A19068000081271 /* GitHubUserInformation */ = {
			isa = PBXNativeTarget;
			buildConfigurationList = 94021A8F2A19068200081271 /* Build configuration list for PBXNativeTarget "GitHubUserInformation" */;
			buildPhases = (
				D1B842F1DB5917FDA29D1600 /* [CP] Check Pods Manifest.lock */,
				94021A612A19068000081271 /* Sources */,
				94021A622A19068000081271 /* Frameworks */,
				94021A632A19068000081271 /* Resources */,
				9478D7FE2A1925F400A1A72A /* SwiftLint */,
			);
			buildRules = (
			);
			dependencies = (
			);
			name = GitHubUserInformation;
			productName = GitHubUserInformation;
			productReference = 94021A652A19068000081271 /* GitHubUserInformation.app */;
			productType = "com.apple.product-type.application";
		};
		94021A7A2A19068200081271 /* GitHubUserInformationTests */ = {
			isa = PBXNativeTarget;
			buildConfigurationList = 94021A922A19068200081271 /* Build configuration list for PBXNativeTarget "GitHubUserInformationTests" */;
			buildPhases = (
				07B64BF2FB95833EB5FF0922 /* [CP] Check Pods Manifest.lock */,
				94021A772A19068200081271 /* Sources */,
				94021A782A19068200081271 /* Frameworks */,
				94021A792A19068200081271 /* Resources */,
			);
			buildRules = (
			);
			dependencies = (
				94021A7D2A19068200081271 /* PBXTargetDependency */,
			);
			name = GitHubUserInformationTests;
			productName = GitHubUserInformationTests;
			productReference = 94021A7B2A19068200081271 /* GitHubUserInformationTests.xctest */;
			productType = "com.apple.product-type.bundle.unit-test";
		};
		94021A842A19068200081271 /* GitHubUserInformationUITests */ = {
			isa = PBXNativeTarget;
			buildConfigurationList = 94021A952A19068200081271 /* Build configuration list for PBXNativeTarget "GitHubUserInformationUITests" */;
			buildPhases = (
				941953CCAE4B773876E7EC6E /* [CP] Check Pods Manifest.lock */,
				94021A812A19068200081271 /* Sources */,
				94021A822A19068200081271 /* Frameworks */,
				94021A832A19068200081271 /* Resources */,
			);
			buildRules = (
			);
			dependencies = (
				94021A872A19068200081271 /* PBXTargetDependency */,
			);
			name = GitHubUserInformationUITests;
			productName = GitHubUserInformationUITests;
			productReference = 94021A852A19068200081271 /* GitHubUserInformationUITests.xctest */;
			productType = "com.apple.product-type.bundle.ui-testing";
		};
/* End PBXNativeTarget section */

/* Begin PBXProject section */
		94021A5D2A19068000081271 /* Project object */ = {
			isa = PBXProject;
			attributes = {
				BuildIndependentTargetsInParallel = 1;
				LastSwiftUpdateCheck = 1420;
				LastUpgradeCheck = 1420;
				TargetAttributes = {
					94021A642A19068000081271 = {
						CreatedOnToolsVersion = 14.2;
					};
					94021A7A2A19068200081271 = {
						CreatedOnToolsVersion = 14.2;
						TestTargetID = 94021A642A19068000081271;
					};
					94021A842A19068200081271 = {
						CreatedOnToolsVersion = 14.2;
						TestTargetID = 94021A642A19068000081271;
					};
				};
			};
			buildConfigurationList = 94021A602A19068000081271 /* Build configuration list for PBXProject "GitHubUserInformation" */;
			compatibilityVersion = "Xcode 14.0";
			developmentRegion = en;
			hasScannedForEncodings = 0;
			knownRegions = (
				en,
				Base,
			);
			mainGroup = 94021A5C2A19068000081271;
			productRefGroup = 94021A662A19068000081271 /* Products */;
			projectDirPath = "";
			projectRoot = "";
			targets = (
				94021A642A19068000081271 /* GitHubUserInformation */,
				94021A7A2A19068200081271 /* GitHubUserInformationTests */,
				94021A842A19068200081271 /* GitHubUserInformationUITests */,
			);
		};
/* End PBXProject section */

/* Begin PBXResourcesBuildPhase section */
		94021A632A19068000081271 /* Resources */ = {
			isa = PBXResourcesBuildPhase;
			buildActionMask = 2147483647;
			files = (
				94021A752A19068200081271 /* LaunchScreen.storyboard in Resources */,
				94021A722A19068200081271 /* Assets.xcassets in Resources */,
			);
			runOnlyForDeploymentPostprocessing = 0;
		};
		94021A792A19068200081271 /* Resources */ = {
			isa = PBXResourcesBuildPhase;
			buildActionMask = 2147483647;
			files = (
			);
			runOnlyForDeploymentPostprocessing = 0;
		};
		94021A832A19068200081271 /* Resources */ = {
			isa = PBXResourcesBuildPhase;
			buildActionMask = 2147483647;
			files = (
			);
			runOnlyForDeploymentPostprocessing = 0;
		};
/* End PBXResourcesBuildPhase section */

/* Begin PBXShellScriptBuildPhase section */
		07B64BF2FB95833EB5FF0922 /* [CP] Check Pods Manifest.lock */ = {
			isa = PBXShellScriptBuildPhase;
			buildActionMask = 2147483647;
			files = (
			);
			inputFileListPaths = (
			);
			inputPaths = (
				"${PODS_PODFILE_DIR_PATH}/Podfile.lock",
				"${PODS_ROOT}/Manifest.lock",
			);
			name = "[CP] Check Pods Manifest.lock";
			outputFileListPaths = (
			);
			outputPaths = (
				"$(DERIVED_FILE_DIR)/Pods-GitHubUserInformation-GitHubUserInformationTests-checkManifestLockResult.txt",
			);
			runOnlyForDeploymentPostprocessing = 0;
			shellPath = /bin/sh;
			shellScript = "diff \"${PODS_PODFILE_DIR_PATH}/Podfile.lock\" \"${PODS_ROOT}/Manifest.lock\" > /dev/null\nif [ $? != 0 ] ; then\n    # print error to STDERR\n    echo \"error: The sandbox is not in sync with the Podfile.lock. Run 'pod install' or update your CocoaPods installation.\" >&2\n    exit 1\nfi\n# This output is used by Xcode 'outputs' to avoid re-running this script phase.\necho \"SUCCESS\" > \"${SCRIPT_OUTPUT_FILE_0}\"\n";
			showEnvVarsInLog = 0;
		};
		941953CCAE4B773876E7EC6E /* [CP] Check Pods Manifest.lock */ = {
			isa = PBXShellScriptBuildPhase;
			buildActionMask = 2147483647;
			files = (
			);
			inputFileListPaths = (
			);
			inputPaths = (
				"${PODS_PODFILE_DIR_PATH}/Podfile.lock",
				"${PODS_ROOT}/Manifest.lock",
			);
			name = "[CP] Check Pods Manifest.lock";
			outputFileListPaths = (
			);
			outputPaths = (
				"$(DERIVED_FILE_DIR)/Pods-GitHubUserInformation-GitHubUserInformationUITests-checkManifestLockResult.txt",
			);
			runOnlyForDeploymentPostprocessing = 0;
			shellPath = /bin/sh;
			shellScript = "diff \"${PODS_PODFILE_DIR_PATH}/Podfile.lock\" \"${PODS_ROOT}/Manifest.lock\" > /dev/null\nif [ $? != 0 ] ; then\n    # print error to STDERR\n    echo \"error: The sandbox is not in sync with the Podfile.lock. Run 'pod install' or update your CocoaPods installation.\" >&2\n    exit 1\nfi\n# This output is used by Xcode 'outputs' to avoid re-running this script phase.\necho \"SUCCESS\" > \"${SCRIPT_OUTPUT_FILE_0}\"\n";
			showEnvVarsInLog = 0;
		};
		9478D7FE2A1925F400A1A72A /* SwiftLint */ = {
			isa = PBXShellScriptBuildPhase;
			buildActionMask = 2147483647;
			files = (
			);
			inputFileListPaths = (
			);
			inputPaths = (
			);
			name = SwiftLint;
			outputFileListPaths = (
			);
			outputPaths = (
			);
			runOnlyForDeploymentPostprocessing = 0;
			shellPath = /bin/sh;
			shellScript = "\"${PODS_ROOT}/SwiftLint/swiftlint\"\n";
		};
		D1B842F1DB5917FDA29D1600 /* [CP] Check Pods Manifest.lock */ = {
			isa = PBXShellScriptBuildPhase;
			buildActionMask = 2147483647;
			files = (
			);
			inputFileListPaths = (
			);
			inputPaths = (
				"${PODS_PODFILE_DIR_PATH}/Podfile.lock",
				"${PODS_ROOT}/Manifest.lock",
			);
			name = "[CP] Check Pods Manifest.lock";
			outputFileListPaths = (
			);
			outputPaths = (
				"$(DERIVED_FILE_DIR)/Pods-GitHubUserInformation-checkManifestLockResult.txt",
			);
			runOnlyForDeploymentPostprocessing = 0;
			shellPath = /bin/sh;
			shellScript = "diff \"${PODS_PODFILE_DIR_PATH}/Podfile.lock\" \"${PODS_ROOT}/Manifest.lock\" > /dev/null\nif [ $? != 0 ] ; then\n    # print error to STDERR\n    echo \"error: The sandbox is not in sync with the Podfile.lock. Run 'pod install' or update your CocoaPods installation.\" >&2\n    exit 1\nfi\n# This output is used by Xcode 'outputs' to avoid re-running this script phase.\necho \"SUCCESS\" > \"${SCRIPT_OUTPUT_FILE_0}\"\n";
			showEnvVarsInLog = 0;
		};
/* End PBXShellScriptBuildPhase section */

/* Begin PBXSourcesBuildPhase section */
		94021A612A19068000081271 /* Sources */ = {
			isa = PBXSourcesBuildPhase;
			buildActionMask = 2147483647;
			files = (
				94021A692A19068000081271 /* AppDelegate.swift in Sources */,
				94021AA32A190AC400081271 /* UserResponse.swift in Sources */,
				94021AA62A190AF700081271 /* HomeViewController.swift in Sources */,
				9478D7FA2A19251500A1A72A /* BundleData.swift in Sources */,
				9478D7FD2A1925A900A1A72A /* BaseError.swift in Sources */,
			);
			runOnlyForDeploymentPostprocessing = 0;
		};
		94021A772A19068200081271 /* Sources */ = {
			isa = PBXSourcesBuildPhase;
			buildActionMask = 2147483647;
			files = (
				94021A802A19068200081271 /* GitHubUserInformationTests.swift in Sources */,
			);
			runOnlyForDeploymentPostprocessing = 0;
		};
		94021A812A19068200081271 /* Sources */ = {
			isa = PBXSourcesBuildPhase;
			buildActionMask = 2147483647;
			files = (
				94021A8A2A19068200081271 /* GitHubUserInformationUITests.swift in Sources */,
				94021A8C2A19068200081271 /* GitHubUserInformationUITestsLaunchTests.swift in Sources */,
			);
			runOnlyForDeploymentPostprocessing = 0;
		};
/* End PBXSourcesBuildPhase section */

/* Begin PBXTargetDependency section */
		94021A7D2A19068200081271 /* PBXTargetDependency */ = {
			isa = PBXTargetDependency;
			target = 94021A642A19068000081271 /* GitHubUserInformation */;
			targetProxy = 94021A7C2A19068200081271 /* PBXContainerItemProxy */;
		};
		94021A872A19068200081271 /* PBXTargetDependency */ = {
			isa = PBXTargetDependency;
			target = 94021A642A19068000081271 /* GitHubUserInformation */;
			targetProxy = 94021A862A19068200081271 /* PBXContainerItemProxy */;
		};
/* End PBXTargetDependency section */

/* Begin PBXVariantGroup section */
		94021A732A19068200081271 /* LaunchScreen.storyboard */ = {
			isa = PBXVariantGroup;
			children = (
				94021A742A19068200081271 /* Base */,
			);
			name = LaunchScreen.storyboard;
			sourceTree = "<group>";
		};
/* End PBXVariantGroup section */

/* Begin XCBuildConfiguration section */
		94021A8D2A19068200081271 /* Debug */ = {
			isa = XCBuildConfiguration;
			buildSettings = {
				ALWAYS_SEARCH_USER_PATHS = NO;
				CLANG_ANALYZER_NONNULL = YES;
				CLANG_ANALYZER_NUMBER_OBJECT_CONVERSION = YES_AGGRESSIVE;
				CLANG_CXX_LANGUAGE_STANDARD = "gnu++20";
				CLANG_ENABLE_MODULES = YES;
				CLANG_ENABLE_OBJC_ARC = YES;
				CLANG_ENABLE_OBJC_WEAK = YES;
				CLANG_WARN_BLOCK_CAPTURE_AUTORELEASING = YES;
				CLANG_WARN_BOOL_CONVERSION = YES;
				CLANG_WARN_COMMA = YES;
				CLANG_WARN_CONSTANT_CONVERSION = YES;
				CLANG_WARN_DEPRECATED_OBJC_IMPLEMENTATIONS = YES;
				CLANG_WARN_DIRECT_OBJC_ISA_USAGE = YES_ERROR;
				CLANG_WARN_DOCUMENTATION_COMMENTS = YES;
				CLANG_WARN_EMPTY_BODY = YES;
				CLANG_WARN_ENUM_CONVERSION = YES;
				CLANG_WARN_INFINITE_RECURSION = YES;
				CLANG_WARN_INT_CONVERSION = YES;
				CLANG_WARN_NON_LITERAL_NULL_CONVERSION = YES;
				CLANG_WARN_OBJC_IMPLICIT_RETAIN_SELF = YES;
				CLANG_WARN_OBJC_LITERAL_CONVERSION = YES;
				CLANG_WARN_OBJC_ROOT_CLASS = YES_ERROR;
				CLANG_WARN_QUOTED_INCLUDE_IN_FRAMEWORK_HEADER = YES;
				CLANG_WARN_RANGE_LOOP_ANALYSIS = YES;
				CLANG_WARN_STRICT_PROTOTYPES = YES;
				CLANG_WARN_SUSPICIOUS_MOVE = YES;
				CLANG_WARN_UNGUARDED_AVAILABILITY = YES_AGGRESSIVE;
				CLANG_WARN_UNREACHABLE_CODE = YES;
				CLANG_WARN__DUPLICATE_METHOD_MATCH = YES;
				COPY_PHASE_STRIP = NO;
				DEBUG_INFORMATION_FORMAT = dwarf;
				ENABLE_STRICT_OBJC_MSGSEND = YES;
				ENABLE_TESTABILITY = YES;
				GCC_C_LANGUAGE_STANDARD = gnu11;
				GCC_DYNAMIC_NO_PIC = NO;
				GCC_NO_COMMON_BLOCKS = YES;
				GCC_OPTIMIZATION_LEVEL = 0;
				GCC_PREPROCESSOR_DEFINITIONS = (
					"DEBUG=1",
					"$(inherited)",
				);
				GCC_WARN_64_TO_32_BIT_CONVERSION = YES;
				GCC_WARN_ABOUT_RETURN_TYPE = YES_ERROR;
				GCC_WARN_UNDECLARED_SELECTOR = YES;
				GCC_WARN_UNINITIALIZED_AUTOS = YES_AGGRESSIVE;
				GCC_WARN_UNUSED_FUNCTION = YES;
				GCC_WARN_UNUSED_VARIABLE = YES;
				IPHONEOS_DEPLOYMENT_TARGET = 16.2;
				MTL_ENABLE_DEBUG_INFO = INCLUDE_SOURCE;
				MTL_FAST_MATH = YES;
				ONLY_ACTIVE_ARCH = YES;
				SDKROOT = iphoneos;
				SWIFT_ACTIVE_COMPILATION_CONDITIONS = DEBUG;
				SWIFT_OPTIMIZATION_LEVEL = "-Onone";
			};
			name = Debug;
		};
		94021A8E2A19068200081271 /* Release */ = {
			isa = XCBuildConfiguration;
			buildSettings = {
				ALWAYS_SEARCH_USER_PATHS = NO;
				CLANG_ANALYZER_NONNULL = YES;
				CLANG_ANALYZER_NUMBER_OBJECT_CONVERSION = YES_AGGRESSIVE;
				CLANG_CXX_LANGUAGE_STANDARD = "gnu++20";
				CLANG_ENABLE_MODULES = YES;
				CLANG_ENABLE_OBJC_ARC = YES;
				CLANG_ENABLE_OBJC_WEAK = YES;
				CLANG_WARN_BLOCK_CAPTURE_AUTORELEASING = YES;
				CLANG_WARN_BOOL_CONVERSION = YES;
				CLANG_WARN_COMMA = YES;
				CLANG_WARN_CONSTANT_CONVERSION = YES;
				CLANG_WARN_DEPRECATED_OBJC_IMPLEMENTATIONS = YES;
				CLANG_WARN_DIRECT_OBJC_ISA_USAGE = YES_ERROR;
				CLANG_WARN_DOCUMENTATION_COMMENTS = YES;
				CLANG_WARN_EMPTY_BODY = YES;
				CLANG_WARN_ENUM_CONVERSION = YES;
				CLANG_WARN_INFINITE_RECURSION = YES;
				CLANG_WARN_INT_CONVERSION = YES;
				CLANG_WARN_NON_LITERAL_NULL_CONVERSION = YES;
				CLANG_WARN_OBJC_IMPLICIT_RETAIN_SELF = YES;
				CLANG_WARN_OBJC_LITERAL_CONVERSION = YES;
				CLANG_WARN_OBJC_ROOT_CLASS = YES_ERROR;
				CLANG_WARN_QUOTED_INCLUDE_IN_FRAMEWORK_HEADER = YES;
				CLANG_WARN_RANGE_LOOP_ANALYSIS = YES;
				CLANG_WARN_STRICT_PROTOTYPES = YES;
				CLANG_WARN_SUSPICIOUS_MOVE = YES;
				CLANG_WARN_UNGUARDED_AVAILABILITY = YES_AGGRESSIVE;
				CLANG_WARN_UNREACHABLE_CODE = YES;
				CLANG_WARN__DUPLICATE_METHOD_MATCH = YES;
				COPY_PHASE_STRIP = NO;
				DEBUG_INFORMATION_FORMAT = "dwarf-with-dsym";
				ENABLE_NS_ASSERTIONS = NO;
				ENABLE_STRICT_OBJC_MSGSEND = YES;
				GCC_C_LANGUAGE_STANDARD = gnu11;
				GCC_NO_COMMON_BLOCKS = YES;
				GCC_WARN_64_TO_32_BIT_CONVERSION = YES;
				GCC_WARN_ABOUT_RETURN_TYPE = YES_ERROR;
				GCC_WARN_UNDECLARED_SELECTOR = YES;
				GCC_WARN_UNINITIALIZED_AUTOS = YES_AGGRESSIVE;
				GCC_WARN_UNUSED_FUNCTION = YES;
				GCC_WARN_UNUSED_VARIABLE = YES;
				IPHONEOS_DEPLOYMENT_TARGET = 16.2;
				MTL_ENABLE_DEBUG_INFO = NO;
				MTL_FAST_MATH = YES;
				SDKROOT = iphoneos;
				SWIFT_COMPILATION_MODE = wholemodule;
				SWIFT_OPTIMIZATION_LEVEL = "-O";
				VALIDATE_PRODUCT = YES;
			};
			name = Release;
		};
		94021A902A19068200081271 /* Debug */ = {
			isa = XCBuildConfiguration;
			baseConfigurationReference = 64807AFF9800C83BF49A6343 /* Pods-GitHubUserInformation.debug.xcconfig */;
			buildSettings = {
				ASSETCATALOG_COMPILER_APPICON_NAME = AppIcon;
				ASSETCATALOG_COMPILER_GLOBAL_ACCENT_COLOR_NAME = AccentColor;
				CODE_SIGN_STYLE = Automatic;
				CURRENT_PROJECT_VERSION = 1;
				DEVELOPMENT_TEAM = FLM2WYKE6E;
				GENERATE_INFOPLIST_FILE = YES;
				INFOPLIST_FILE = GitHubUserInformation/SuportFiles/Info.plist;
				INFOPLIST_KEY_UIApplicationSupportsIndirectInputEvents = YES;
				INFOPLIST_KEY_UILaunchStoryboardName = LaunchScreen;
				INFOPLIST_KEY_UISupportedInterfaceOrientations_iPad = "UIInterfaceOrientationPortrait UIInterfaceOrientationPortraitUpsideDown UIInterfaceOrientationLandscapeLeft UIInterfaceOrientationLandscapeRight";
				INFOPLIST_KEY_UISupportedInterfaceOrientations_iPhone = "UIInterfaceOrientationPortrait UIInterfaceOrientationLandscapeLeft UIInterfaceOrientationLandscapeRight";
				LD_RUNPATH_SEARCH_PATHS = (
					"$(inherited)",
					"@executable_path/Frameworks",
				);
				MARKETING_VERSION = 1.0;
				PRODUCT_BUNDLE_IDENTIFIER = br.com.andrecampopiano.GitHubUserInformation;
				PRODUCT_NAME = "$(TARGET_NAME)";
				SWIFT_EMIT_LOC_STRINGS = YES;
				SWIFT_VERSION = 5.0;
				TARGETED_DEVICE_FAMILY = "1,2";
			};
			name = Debug;
		};
		94021A912A19068200081271 /* Release */ = {
			isa = XCBuildConfiguration;
			baseConfigurationReference = 97B4BF2849172EB6534A29FD /* Pods-GitHubUserInformation.release.xcconfig */;
			buildSettings = {
				ASSETCATALOG_COMPILER_APPICON_NAME = AppIcon;
				ASSETCATALOG_COMPILER_GLOBAL_ACCENT_COLOR_NAME = AccentColor;
				CODE_SIGN_STYLE = Automatic;
				CURRENT_PROJECT_VERSION = 1;
				DEVELOPMENT_TEAM = FLM2WYKE6E;
				GENERATE_INFOPLIST_FILE = YES;
				INFOPLIST_FILE = GitHubUserInformation/SuportFiles/Info.plist;
				INFOPLIST_KEY_UIApplicationSupportsIndirectInputEvents = YES;
				INFOPLIST_KEY_UILaunchStoryboardName = LaunchScreen;
				INFOPLIST_KEY_UISupportedInterfaceOrientations_iPad = "UIInterfaceOrientationPortrait UIInterfaceOrientationPortraitUpsideDown UIInterfaceOrientationLandscapeLeft UIInterfaceOrientationLandscapeRight";
				INFOPLIST_KEY_UISupportedInterfaceOrientations_iPhone = "UIInterfaceOrientationPortrait UIInterfaceOrientationLandscapeLeft UIInterfaceOrientationLandscapeRight";
				LD_RUNPATH_SEARCH_PATHS = (
					"$(inherited)",
					"@executable_path/Frameworks",
				);
				MARKETING_VERSION = 1.0;
				PRODUCT_BUNDLE_IDENTIFIER = br.com.andrecampopiano.GitHubUserInformation;
				PRODUCT_NAME = "$(TARGET_NAME)";
				SWIFT_EMIT_LOC_STRINGS = YES;
				SWIFT_VERSION = 5.0;
				TARGETED_DEVICE_FAMILY = "1,2";
			};
			name = Release;
		};
		94021A932A19068200081271 /* Debug */ = {
			isa = XCBuildConfiguration;
			baseConfigurationReference = 77AF92F4A93A3195C18A346C /* Pods-GitHubUserInformation-GitHubUserInformationTests.debug.xcconfig */;
			buildSettings = {
				ALWAYS_EMBED_SWIFT_STANDARD_LIBRARIES = YES;
				BUNDLE_LOADER = "$(TEST_HOST)";
				CODE_SIGN_STYLE = Automatic;
				CURRENT_PROJECT_VERSION = 1;
				DEVELOPMENT_TEAM = FLM2WYKE6E;
				GENERATE_INFOPLIST_FILE = YES;
				IPHONEOS_DEPLOYMENT_TARGET = 16.2;
				MARKETING_VERSION = 1.0;
				PRODUCT_BUNDLE_IDENTIFIER = br.com.andrecampopiano.GitHubUserInformationTests;
				PRODUCT_NAME = "$(TARGET_NAME)";
				SWIFT_EMIT_LOC_STRINGS = NO;
				SWIFT_VERSION = 5.0;
				TARGETED_DEVICE_FAMILY = "1,2";
				TEST_HOST = "$(BUILT_PRODUCTS_DIR)/GitHubUserInformation.app/$(BUNDLE_EXECUTABLE_FOLDER_PATH)/GitHubUserInformation";
			};
			name = Debug;
		};
		94021A942A19068200081271 /* Release */ = {
			isa = XCBuildConfiguration;
			baseConfigurationReference = 38095FDE96A6299CF0270308 /* Pods-GitHubUserInformation-GitHubUserInformationTests.release.xcconfig */;
			buildSettings = {
				ALWAYS_EMBED_SWIFT_STANDARD_LIBRARIES = YES;
				BUNDLE_LOADER = "$(TEST_HOST)";
				CODE_SIGN_STYLE = Automatic;
				CURRENT_PROJECT_VERSION = 1;
				DEVELOPMENT_TEAM = FLM2WYKE6E;
				GENERATE_INFOPLIST_FILE = YES;
				IPHONEOS_DEPLOYMENT_TARGET = 16.2;
				MARKETING_VERSION = 1.0;
				PRODUCT_BUNDLE_IDENTIFIER = br.com.andrecampopiano.GitHubUserInformationTests;
				PRODUCT_NAME = "$(TARGET_NAME)";
				SWIFT_EMIT_LOC_STRINGS = NO;
				SWIFT_VERSION = 5.0;
				TARGETED_DEVICE_FAMILY = "1,2";
				TEST_HOST = "$(BUILT_PRODUCTS_DIR)/GitHubUserInformation.app/$(BUNDLE_EXECUTABLE_FOLDER_PATH)/GitHubUserInformation";
			};
			name = Release;
		};
		94021A962A19068200081271 /* Debug */ = {
			isa = XCBuildConfiguration;
			baseConfigurationReference = 337319C77D9BD50919C10E9D /* Pods-GitHubUserInformation-GitHubUserInformationUITests.debug.xcconfig */;
			buildSettings = {
				ALWAYS_EMBED_SWIFT_STANDARD_LIBRARIES = YES;
				CODE_SIGN_STYLE = Automatic;
				CURRENT_PROJECT_VERSION = 1;
				DEVELOPMENT_TEAM = FLM2WYKE6E;
				GENERATE_INFOPLIST_FILE = YES;
				MARKETING_VERSION = 1.0;
				PRODUCT_BUNDLE_IDENTIFIER = br.com.andrecampopiano.GitHubUserInformationUITests;
				PRODUCT_NAME = "$(TARGET_NAME)";
				SWIFT_EMIT_LOC_STRINGS = NO;
				SWIFT_VERSION = 5.0;
				TARGETED_DEVICE_FAMILY = "1,2";
				TEST_TARGET_NAME = GitHubUserInformation;
			};
			name = Debug;
		};
		94021A972A19068200081271 /* Release */ = {
			isa = XCBuildConfiguration;
			baseConfigurationReference = 7BB4B2749480FEF3E36C26F0 /* Pods-GitHubUserInformation-GitHubUserInformationUITests.release.xcconfig */;
			buildSettings = {
				ALWAYS_EMBED_SWIFT_STANDARD_LIBRARIES = YES;
				CODE_SIGN_STYLE = Automatic;
				CURRENT_PROJECT_VERSION = 1;
				DEVELOPMENT_TEAM = FLM2WYKE6E;
				GENERATE_INFOPLIST_FILE = YES;
				MARKETING_VERSION = 1.0;
				PRODUCT_BUNDLE_IDENTIFIER = br.com.andrecampopiano.GitHubUserInformationUITests;
				PRODUCT_NAME = "$(TARGET_NAME)";
				SWIFT_EMIT_LOC_STRINGS = NO;
				SWIFT_VERSION = 5.0;
				TARGETED_DEVICE_FAMILY = "1,2";
				TEST_TARGET_NAME = GitHubUserInformation;
			};
			name = Release;
		};
/* End XCBuildConfiguration section */

/* Begin XCConfigurationList section */
		94021A602A19068000081271 /* Build configuration list for PBXProject "GitHubUserInformation" */ = {
			isa = XCConfigurationList;
			buildConfigurations = (
				94021A8D2A19068200081271 /* Debug */,
				94021A8E2A19068200081271 /* Release */,
			);
			defaultConfigurationIsVisible = 0;
			defaultConfigurationName = Release;
		};
		94021A8F2A19068200081271 /* Build configuration list for PBXNativeTarget "GitHubUserInformation" */ = {
			isa = XCConfigurationList;
			buildConfigurations = (
				94021A902A19068200081271 /* Debug */,
				94021A912A19068200081271 /* Release */,
			);
			defaultConfigurationIsVisible = 0;
			defaultConfigurationName = Release;
		};
		94021A922A19068200081271 /* Build configuration list for PBXNativeTarget "GitHubUserInformationTests" */ = {
			isa = XCConfigurationList;
			buildConfigurations = (
				94021A932A19068200081271 /* Debug */,
				94021A942A19068200081271 /* Release */,
			);
			defaultConfigurationIsVisible = 0;
			defaultConfigurationName = Release;
		};
		94021A952A19068200081271 /* Build configuration list for PBXNativeTarget "GitHubUserInformationUITests" */ = {
			isa = XCConfigurationList;
			buildConfigurations = (
				94021A962A19068200081271 /* Debug */,
				94021A972A19068200081271 /* Release */,
			);
			defaultConfigurationIsVisible = 0;
			defaultConfigurationName = Release;
		};
/* End XCConfigurationList section */
	};
	rootObject = 94021A5D2A19068000081271 /* Project object */;
}
