// !$*UTF8*$!
{
	archiveVersion = 1;
	classes = {
	};
	objectVersion = 56;
	objects = {

/* Begin PBXBuildFile section */
		6CA35AAEF8979E98FABF028B /* Pods_GitHubUserInformation.framework in Frameworks */ = {isa = PBXBuildFile; fileRef = 669A0541CD6F45A4708EB73D /* Pods_GitHubUserInformation.framework */; };
		94021A692A19068000081271 /* AppDelegate.swift in Sources */ = {isa = PBXBuildFile; fileRef = 94021A682A19068000081271 /* AppDelegate.swift */; };
		94021A722A19068200081271 /* Assets.xcassets in Resources */ = {isa = PBXBuildFile; fileRef = 94021A712A19068200081271 /* Assets.xcassets */; };
		94021A752A19068200081271 /* LaunchScreen.storyboard in Resources */ = {isa = PBXBuildFile; fileRef = 94021A732A19068200081271 /* LaunchScreen.storyboard */; };
		94021A802A19068200081271 /* GitHubUserInformationTests.swift in Sources */ = {isa = PBXBuildFile; fileRef = 94021A7F2A19068200081271 /* GitHubUserInformationTests.swift */; };
		94021A8A2A19068200081271 /* GitHubUserInformationUITests.swift in Sources */ = {isa = PBXBuildFile; fileRef = 94021A892A19068200081271 /* GitHubUserInformationUITests.swift */; };
		94021A8C2A19068200081271 /* GitHubUserInformationUITestsLaunchTests.swift in Sources */ = {isa = PBXBuildFile; fileRef = 94021A8B2A19068200081271 /* GitHubUserInformationUITestsLaunchTests.swift */; };
		94021AA32A190AC400081271 /* UserResponse.swift in Sources */ = {isa = PBXBuildFile; fileRef = 94021AA22A190AC400081271 /* UserResponse.swift */; };
		94021AA62A190AF700081271 /* HomeViewController.swift in Sources */ = {isa = PBXBuildFile; fileRef = 94021AA52A190AF700081271 /* HomeViewController.swift */; };
		9478D7FA2A19251500A1A72A /* BundleData.swift in Sources */ = {isa = PBXBuildFile; fileRef = 9478D7F92A19251500A1A72A /* BundleData.swift */; };
		9478D7FD2A1925A900A1A72A /* BaseError.swift in Sources */ = {isa = PBXBuildFile; fileRef = 9478D7FC2A1925A900A1A72A /* BaseError.swift */; };
		9478D8022A19271100A1A72A /* InfoPList.swift in Sources */ = {isa = PBXBuildFile; fileRef = 9478D8012A19271100A1A72A /* InfoPList.swift */; };
		9478D8062A1928D100A1A72A /* Environment.swift in Sources */ = {isa = PBXBuildFile; fileRef = 9478D8052A1928D100A1A72A /* Environment.swift */; };
		9478D8112A192D9600A1A72A /* ApiProviderProtocol.swift in Sources */ = {isa = PBXBuildFile; fileRef = 9478D8102A192D9600A1A72A /* ApiProviderProtocol.swift */; };
		9478D8152A192EA900A1A72A /* HttpResponseStatus.swift in Sources */ = {isa = PBXBuildFile; fileRef = 9478D8142A192EA900A1A72A /* HttpResponseStatus.swift */; };
		9478D8182A192FF300A1A72A /* ResponseObject.swift in Sources */ = {isa = PBXBuildFile; fileRef = 9478D8172A192FF300A1A72A /* ResponseObject.swift */; };
		9478D81B2A19313C00A1A72A /* HttpRequestType.swift in Sources */ = {isa = PBXBuildFile; fileRef = 9478D81A2A19313C00A1A72A /* HttpRequestType.swift */; };
		9478D81D2A19316300A1A72A /* NetworkingProviderProtocol.swift in Sources */ = {isa = PBXBuildFile; fileRef = 9478D81C2A19316300A1A72A /* NetworkingProviderProtocol.swift */; };
		9478D81F2A1931E300A1A72A /* NetworkingRequestData.swift in Sources */ = {isa = PBXBuildFile; fileRef = 9478D81E2A1931E300A1A72A /* NetworkingRequestData.swift */; };
		9478D8212A1932DE00A1A72A /* ApiProvider.swift in Sources */ = {isa = PBXBuildFile; fileRef = 9478D8202A1932DE00A1A72A /* ApiProvider.swift */; };
		9478D8232A1934B600A1A72A /* NetworkingProvider.swift in Sources */ = {isa = PBXBuildFile; fileRef = 9478D8222A1934B600A1A72A /* NetworkingProvider.swift */; };
		9478D8262A19356600A1A72A /* NetworkingUtils.swift in Sources */ = {isa = PBXBuildFile; fileRef = 9478D8252A19356600A1A72A /* NetworkingUtils.swift */; };
		9478D8292A19364300A1A72A /* HTTPURLResponse.swift in Sources */ = {isa = PBXBuildFile; fileRef = 9478D8282A19364300A1A72A /* HTTPURLResponse.swift */; };
		9478D82E2A1937AC00A1A72A /* Logger.swift in Sources */ = {isa = PBXBuildFile; fileRef = 9478D82D2A1937AC00A1A72A /* Logger.swift */; };
		9478D8312A19385500A1A72A /* Core.swift in Sources */ = {isa = PBXBuildFile; fileRef = 9478D8302A19385500A1A72A /* Core.swift */; };
		9478D8332A1938B200A1A72A /* FileRepresentation.swift in Sources */ = {isa = PBXBuildFile; fileRef = 9478D8322A1938B200A1A72A /* FileRepresentation.swift */; };
		9478D8352A1939D900A1A72A /* NetworkingSessionDelegate.swift in Sources */ = {isa = PBXBuildFile; fileRef = 9478D8342A1939D900A1A72A /* NetworkingSessionDelegate.swift */; };
		9478D8382A19433F00A1A72A /* Reachability.swift in Sources */ = {isa = PBXBuildFile; fileRef = 9478D8372A19433F00A1A72A /* Reachability.swift */; };
		9478D83B2A1947CD00A1A72A /* BaseManager.swift in Sources */ = {isa = PBXBuildFile; fileRef = 9478D83A2A1947CD00A1A72A /* BaseManager.swift */; };
		9478D83E2A19482400A1A72A /* AsyncOperation.swift in Sources */ = {isa = PBXBuildFile; fileRef = 9478D83D2A19482400A1A72A /* AsyncOperation.swift */; };
		9478D8402A19485800A1A72A /* NetworkingOperation.swift in Sources */ = {isa = PBXBuildFile; fileRef = 9478D83F2A19485700A1A72A /* NetworkingOperation.swift */; };
		9478D8442A194D6400A1A72A /* UserListGetOperation.swift in Sources */ = {isa = PBXBuildFile; fileRef = 9478D8432A194D6400A1A72A /* UserListGetOperation.swift */; };
		9478D8472A194E4300A1A72A /* HomeBusiness.swift in Sources */ = {isa = PBXBuildFile; fileRef = 9478D8462A194E4300A1A72A /* HomeBusiness.swift */; };
		9478D84A2A1950D300A1A72A /* ApplicationConstants.swift in Sources */ = {isa = PBXBuildFile; fileRef = 9478D8492A1950D300A1A72A /* ApplicationConstants.swift */; };
		9478D84D2A19522300A1A72A /* HomeManager.swift in Sources */ = {isa = PBXBuildFile; fileRef = 9478D84C2A19522300A1A72A /* HomeManager.swift */; };
		9478D8502A19539E00A1A72A /* HomeViewModel.swift in Sources */ = {isa = PBXBuildFile; fileRef = 9478D84F2A19539E00A1A72A /* HomeViewModel.swift */; };
		9478D8542A19568500A1A72A /* Dynamic.swift in Sources */ = {isa = PBXBuildFile; fileRef = 9478D8532A19568500A1A72A /* Dynamic.swift */; };
		9478D8572A19592D00A1A72A /* UIView.swift in Sources */ = {isa = PBXBuildFile; fileRef = 9478D8562A19592D00A1A72A /* UIView.swift */; };
		9478D85A2A19602F00A1A72A /* Localizable.strings in Resources */ = {isa = PBXBuildFile; fileRef = 9478D8592A19602F00A1A72A /* Localizable.strings */; };
		9478D85D2A1960F100A1A72A /* LocalizableBundle.swift in Sources */ = {isa = PBXBuildFile; fileRef = 9478D85C2A1960F100A1A72A /* LocalizableBundle.swift */; };
		9478D8612A19617B00A1A72A /* String.swift in Sources */ = {isa = PBXBuildFile; fileRef = 9478D8602A19617B00A1A72A /* String.swift */; };
		9478D8632A19622600A1A72A /* AccessibilityLocalizable.strings in Resources */ = {isa = PBXBuildFile; fileRef = 9478D8622A19622600A1A72A /* AccessibilityLocalizable.strings */; };
		9478D8672A19635900A1A72A /* UITableView.swift in Sources */ = {isa = PBXBuildFile; fileRef = 9478D8662A19635900A1A72A /* UITableView.swift */; };
		9478D86C2A1963AF00A1A72A /* NSObject.swift in Sources */ = {isa = PBXBuildFile; fileRef = 9478D86B2A1963AF00A1A72A /* NSObject.swift */; };
		9478D86F2A19654E00A1A72A /* GenericCell.swift in Sources */ = {isa = PBXBuildFile; fileRef = 9478D86E2A19654E00A1A72A /* GenericCell.swift */; };
		9478D87B2A196BCD00A1A72A /* GenericCellViewModelProtocol.swift in Sources */ = {isa = PBXBuildFile; fileRef = 9478D87A2A196BCD00A1A72A /* GenericCellViewModelProtocol.swift */; };
		9478D87D2A196C0900A1A72A /* GenericCellViewModel.swift in Sources */ = {isa = PBXBuildFile; fileRef = 9478D87C2A196C0900A1A72A /* GenericCellViewModel.swift */; };
		9478D8802A196CB200A1A72A /* GenericCellModel.swift in Sources */ = {isa = PBXBuildFile; fileRef = 9478D87F2A196CB200A1A72A /* GenericCellModel.swift */; };
		9478D8822A19761000A1A72A /* GenericLoadingCell.swift in Sources */ = {isa = PBXBuildFile; fileRef = 9478D8812A19761000A1A72A /* GenericLoadingCell.swift */; };
		9478D8862A197FCF00A1A72A /* UIImageView.swift in Sources */ = {isa = PBXBuildFile; fileRef = 9478D8852A197FCF00A1A72A /* UIImageView.swift */; };
		9478D88F2A19AD2C00A1A72A /* GenericLoadingCellTests.swift in Sources */ = {isa = PBXBuildFile; fileRef = 9478D88E2A19AD2C00A1A72A /* GenericLoadingCellTests.swift */; };
		9478D8942A19ADE700A1A72A /* BaseXCTest.swift in Sources */ = {isa = PBXBuildFile; fileRef = 9478D8932A19ADE700A1A72A /* BaseXCTest.swift */; };
		9478D8972A19AFE000A1A72A /* XCTestExtensionView.swift in Sources */ = {isa = PBXBuildFile; fileRef = 9478D8962A19AFE000A1A72A /* XCTestExtensionView.swift */; };
		9478D8992A19B07900A1A72A /* UIImage.swift in Sources */ = {isa = PBXBuildFile; fileRef = 9478D8982A19B07900A1A72A /* UIImage.swift */; };
		9478D89C2A19B11800A1A72A /* Elements.swift in Sources */ = {isa = PBXBuildFile; fileRef = 9478D89B2A19B11800A1A72A /* Elements.swift */; };
		B3B39717CA9AE3B23DA05DD5 /* Pods_GitHubUserInformation_GitHubUserInformationUITests.framework in Frameworks */ = {isa = PBXBuildFile; fileRef = 9836A1FC31C560DD28AEC1EE /* Pods_GitHubUserInformation_GitHubUserInformationUITests.framework */; };
		F12885B89733209C28F1D6AE /* Pods_GitHubUserInformation_GitHubUserInformationTests.framework in Frameworks */ = {isa = PBXBuildFile; fileRef = 60A2E85307132B0820F72648 /* Pods_GitHubUserInformation_GitHubUserInformationTests.framework */; };
/* End PBXBuildFile section */

/* Begin PBXContainerItemProxy section */
		94021A7C2A19068200081271 /* PBXContainerItemProxy */ = {
			isa = PBXContainerItemProxy;
			containerPortal = 94021A5D2A19068000081271 /* Project object */;
			proxyType = 1;
			remoteGlobalIDString = 94021A642A19068000081271;
			remoteInfo = GitHubUserInformation;
		};
		94021A862A19068200081271 /* PBXContainerItemProxy */ = {
			isa = PBXContainerItemProxy;
			containerPortal = 94021A5D2A19068000081271 /* Project object */;
			proxyType = 1;
			remoteGlobalIDString = 94021A642A19068000081271;
			remoteInfo = GitHubUserInformation;
		};
/* End PBXContainerItemProxy section */

/* Begin PBXFileReference section */
		337319C77D9BD50919C10E9D /* Pods-GitHubUserInformation-GitHubUserInformationUITests.debug.xcconfig */ = {isa = PBXFileReference; includeInIndex = 1; lastKnownFileType = text.xcconfig; name = "Pods-GitHubUserInformation-GitHubUserInformationUITests.debug.xcconfig"; path = "Target Support Files/Pods-GitHubUserInformation-GitHubUserInformationUITests/Pods-GitHubUserInformation-GitHubUserInformationUITests.debug.xcconfig"; sourceTree = "<group>"; };
		370B8890D26E5E71EEED8BE8 /* Pods-GitHubUserInformation.develop.xcconfig */ = {isa = PBXFileReference; includeInIndex = 1; lastKnownFileType = text.xcconfig; name = "Pods-GitHubUserInformation.develop.xcconfig"; path = "Target Support Files/Pods-GitHubUserInformation/Pods-GitHubUserInformation.develop.xcconfig"; sourceTree = "<group>"; };
		38095FDE96A6299CF0270308 /* Pods-GitHubUserInformation-GitHubUserInformationTests.release.xcconfig */ = {isa = PBXFileReference; includeInIndex = 1; lastKnownFileType = text.xcconfig; name = "Pods-GitHubUserInformation-GitHubUserInformationTests.release.xcconfig"; path = "Target Support Files/Pods-GitHubUserInformation-GitHubUserInformationTests/Pods-GitHubUserInformation-GitHubUserInformationTests.release.xcconfig"; sourceTree = "<group>"; };
		4D5DD9C6396D96BB6BB00644 /* Pods-GitHubUserInformation.homologation.xcconfig */ = {isa = PBXFileReference; includeInIndex = 1; lastKnownFileType = text.xcconfig; name = "Pods-GitHubUserInformation.homologation.xcconfig"; path = "Target Support Files/Pods-GitHubUserInformation/Pods-GitHubUserInformation.homologation.xcconfig"; sourceTree = "<group>"; };
		60A2E85307132B0820F72648 /* Pods_GitHubUserInformation_GitHubUserInformationTests.framework */ = {isa = PBXFileReference; explicitFileType = wrapper.framework; includeInIndex = 0; path = Pods_GitHubUserInformation_GitHubUserInformationTests.framework; sourceTree = BUILT_PRODUCTS_DIR; };
		64807AFF9800C83BF49A6343 /* Pods-GitHubUserInformation.debug.xcconfig */ = {isa = PBXFileReference; includeInIndex = 1; lastKnownFileType = text.xcconfig; name = "Pods-GitHubUserInformation.debug.xcconfig"; path = "Target Support Files/Pods-GitHubUserInformation/Pods-GitHubUserInformation.debug.xcconfig"; sourceTree = "<group>"; };
		669A0541CD6F45A4708EB73D /* Pods_GitHubUserInformation.framework */ = {isa = PBXFileReference; explicitFileType = wrapper.framework; includeInIndex = 0; path = Pods_GitHubUserInformation.framework; sourceTree = BUILT_PRODUCTS_DIR; };
		77AF92F4A93A3195C18A346C /* Pods-GitHubUserInformation-GitHubUserInformationTests.debug.xcconfig */ = {isa = PBXFileReference; includeInIndex = 1; lastKnownFileType = text.xcconfig; name = "Pods-GitHubUserInformation-GitHubUserInformationTests.debug.xcconfig"; path = "Target Support Files/Pods-GitHubUserInformation-GitHubUserInformationTests/Pods-GitHubUserInformation-GitHubUserInformationTests.debug.xcconfig"; sourceTree = "<group>"; };
		7918ADB176D190F42118E4F0 /* Pods-GitHubUserInformation-GitHubUserInformationUITests.homologation.xcconfig */ = {isa = PBXFileReference; includeInIndex = 1; lastKnownFileType = text.xcconfig; name = "Pods-GitHubUserInformation-GitHubUserInformationUITests.homologation.xcconfig"; path = "Target Support Files/Pods-GitHubUserInformation-GitHubUserInformationUITests/Pods-GitHubUserInformation-GitHubUserInformationUITests.homologation.xcconfig"; sourceTree = "<group>"; };
		7BB4B2749480FEF3E36C26F0 /* Pods-GitHubUserInformation-GitHubUserInformationUITests.release.xcconfig */ = {isa = PBXFileReference; includeInIndex = 1; lastKnownFileType = text.xcconfig; name = "Pods-GitHubUserInformation-GitHubUserInformationUITests.release.xcconfig"; path = "Target Support Files/Pods-GitHubUserInformation-GitHubUserInformationUITests/Pods-GitHubUserInformation-GitHubUserInformationUITests.release.xcconfig"; sourceTree = "<group>"; };
		915CB842D56A2EFB6BD39DE1 /* Pods-GitHubUserInformation-GitHubUserInformationUITests.develop.xcconfig */ = {isa = PBXFileReference; includeInIndex = 1; lastKnownFileType = text.xcconfig; name = "Pods-GitHubUserInformation-GitHubUserInformationUITests.develop.xcconfig"; path = "Target Support Files/Pods-GitHubUserInformation-GitHubUserInformationUITests/Pods-GitHubUserInformation-GitHubUserInformationUITests.develop.xcconfig"; sourceTree = "<group>"; };
		94021A652A19068000081271 /* GitHubUserInformation.app */ = {isa = PBXFileReference; explicitFileType = wrapper.application; includeInIndex = 0; path = GitHubUserInformation.app; sourceTree = BUILT_PRODUCTS_DIR; };
		94021A682A19068000081271 /* AppDelegate.swift */ = {isa = PBXFileReference; lastKnownFileType = sourcecode.swift; path = AppDelegate.swift; sourceTree = "<group>"; };
		94021A712A19068200081271 /* Assets.xcassets */ = {isa = PBXFileReference; lastKnownFileType = folder.assetcatalog; path = Assets.xcassets; sourceTree = "<group>"; };
		94021A742A19068200081271 /* Base */ = {isa = PBXFileReference; lastKnownFileType = file.storyboard; name = Base; path = Base.lproj/LaunchScreen.storyboard; sourceTree = "<group>"; };
		94021A762A19068200081271 /* Info.plist */ = {isa = PBXFileReference; lastKnownFileType = text.plist.xml; path = Info.plist; sourceTree = "<group>"; };
		94021A7B2A19068200081271 /* GitHubUserInformationTests.xctest */ = {isa = PBXFileReference; explicitFileType = wrapper.cfbundle; includeInIndex = 0; path = GitHubUserInformationTests.xctest; sourceTree = BUILT_PRODUCTS_DIR; };
		94021A7F2A19068200081271 /* GitHubUserInformationTests.swift */ = {isa = PBXFileReference; lastKnownFileType = sourcecode.swift; path = GitHubUserInformationTests.swift; sourceTree = "<group>"; };
		94021A852A19068200081271 /* GitHubUserInformationUITests.xctest */ = {isa = PBXFileReference; explicitFileType = wrapper.cfbundle; includeInIndex = 0; path = GitHubUserInformationUITests.xctest; sourceTree = BUILT_PRODUCTS_DIR; };
		94021A892A19068200081271 /* GitHubUserInformationUITests.swift */ = {isa = PBXFileReference; lastKnownFileType = sourcecode.swift; path = GitHubUserInformationUITests.swift; sourceTree = "<group>"; };
		94021A8B2A19068200081271 /* GitHubUserInformationUITestsLaunchTests.swift */ = {isa = PBXFileReference; lastKnownFileType = sourcecode.swift; path = GitHubUserInformationUITestsLaunchTests.swift; sourceTree = "<group>"; };
		94021AA22A190AC400081271 /* UserResponse.swift */ = {isa = PBXFileReference; fileEncoding = 4; lastKnownFileType = sourcecode.swift; path = UserResponse.swift; sourceTree = "<group>"; };
		94021AA52A190AF700081271 /* HomeViewController.swift */ = {isa = PBXFileReference; lastKnownFileType = sourcecode.swift; path = HomeViewController.swift; sourceTree = "<group>"; };
		9478D7F92A19251500A1A72A /* BundleData.swift */ = {isa = PBXFileReference; lastKnownFileType = sourcecode.swift; path = BundleData.swift; sourceTree = "<group>"; };
		9478D7FC2A1925A900A1A72A /* BaseError.swift */ = {isa = PBXFileReference; lastKnownFileType = sourcecode.swift; path = BaseError.swift; sourceTree = "<group>"; };
		9478D8012A19271100A1A72A /* InfoPList.swift */ = {isa = PBXFileReference; lastKnownFileType = sourcecode.swift; path = InfoPList.swift; sourceTree = "<group>"; };
		9478D8052A1928D100A1A72A /* Environment.swift */ = {isa = PBXFileReference; lastKnownFileType = sourcecode.swift; path = Environment.swift; sourceTree = "<group>"; };
		9478D8102A192D9600A1A72A /* ApiProviderProtocol.swift */ = {isa = PBXFileReference; lastKnownFileType = sourcecode.swift; path = ApiProviderProtocol.swift; sourceTree = "<group>"; };
		9478D8142A192EA900A1A72A /* HttpResponseStatus.swift */ = {isa = PBXFileReference; lastKnownFileType = sourcecode.swift; path = HttpResponseStatus.swift; sourceTree = "<group>"; };
		9478D8172A192FF300A1A72A /* ResponseObject.swift */ = {isa = PBXFileReference; lastKnownFileType = sourcecode.swift; path = ResponseObject.swift; sourceTree = "<group>"; };
		9478D81A2A19313C00A1A72A /* HttpRequestType.swift */ = {isa = PBXFileReference; lastKnownFileType = sourcecode.swift; path = HttpRequestType.swift; sourceTree = "<group>"; };
		9478D81C2A19316300A1A72A /* NetworkingProviderProtocol.swift */ = {isa = PBXFileReference; lastKnownFileType = sourcecode.swift; path = NetworkingProviderProtocol.swift; sourceTree = "<group>"; };
		9478D81E2A1931E300A1A72A /* NetworkingRequestData.swift */ = {isa = PBXFileReference; lastKnownFileType = sourcecode.swift; path = NetworkingRequestData.swift; sourceTree = "<group>"; };
		9478D8202A1932DE00A1A72A /* ApiProvider.swift */ = {isa = PBXFileReference; lastKnownFileType = sourcecode.swift; path = ApiProvider.swift; sourceTree = "<group>"; };
		9478D8222A1934B600A1A72A /* NetworkingProvider.swift */ = {isa = PBXFileReference; lastKnownFileType = sourcecode.swift; path = NetworkingProvider.swift; sourceTree = "<group>"; };
		9478D8252A19356600A1A72A /* NetworkingUtils.swift */ = {isa = PBXFileReference; lastKnownFileType = sourcecode.swift; path = NetworkingUtils.swift; sourceTree = "<group>"; };
		9478D8282A19364300A1A72A /* HTTPURLResponse.swift */ = {isa = PBXFileReference; lastKnownFileType = sourcecode.swift; path = HTTPURLResponse.swift; sourceTree = "<group>"; };
		9478D82D2A1937AC00A1A72A /* Logger.swift */ = {isa = PBXFileReference; lastKnownFileType = sourcecode.swift; path = Logger.swift; sourceTree = "<group>"; };
		9478D8302A19385500A1A72A /* Core.swift */ = {isa = PBXFileReference; lastKnownFileType = sourcecode.swift; path = Core.swift; sourceTree = "<group>"; };
		9478D8322A1938B200A1A72A /* FileRepresentation.swift */ = {isa = PBXFileReference; lastKnownFileType = sourcecode.swift; path = FileRepresentation.swift; sourceTree = "<group>"; };
		9478D8342A1939D900A1A72A /* NetworkingSessionDelegate.swift */ = {isa = PBXFileReference; lastKnownFileType = sourcecode.swift; path = NetworkingSessionDelegate.swift; sourceTree = "<group>"; };
		9478D8372A19433F00A1A72A /* Reachability.swift */ = {isa = PBXFileReference; lastKnownFileType = sourcecode.swift; path = Reachability.swift; sourceTree = "<group>"; };
		9478D83A2A1947CD00A1A72A /* BaseManager.swift */ = {isa = PBXFileReference; lastKnownFileType = sourcecode.swift; path = BaseManager.swift; sourceTree = "<group>"; };
		9478D83D2A19482400A1A72A /* AsyncOperation.swift */ = {isa = PBXFileReference; lastKnownFileType = sourcecode.swift; path = AsyncOperation.swift; sourceTree = "<group>"; };
		9478D83F2A19485700A1A72A /* NetworkingOperation.swift */ = {isa = PBXFileReference; lastKnownFileType = sourcecode.swift; path = NetworkingOperation.swift; sourceTree = "<group>"; };
		9478D8432A194D6400A1A72A /* UserListGetOperation.swift */ = {isa = PBXFileReference; lastKnownFileType = sourcecode.swift; path = UserListGetOperation.swift; sourceTree = "<group>"; };
		9478D8462A194E4300A1A72A /* HomeBusiness.swift */ = {isa = PBXFileReference; lastKnownFileType = sourcecode.swift; path = HomeBusiness.swift; sourceTree = "<group>"; };
		9478D8492A1950D300A1A72A /* ApplicationConstants.swift */ = {isa = PBXFileReference; lastKnownFileType = sourcecode.swift; path = ApplicationConstants.swift; sourceTree = "<group>"; };
		9478D84C2A19522300A1A72A /* HomeManager.swift */ = {isa = PBXFileReference; lastKnownFileType = sourcecode.swift; path = HomeManager.swift; sourceTree = "<group>"; };
		9478D84F2A19539E00A1A72A /* HomeViewModel.swift */ = {isa = PBXFileReference; lastKnownFileType = sourcecode.swift; path = HomeViewModel.swift; sourceTree = "<group>"; };
		9478D8532A19568500A1A72A /* Dynamic.swift */ = {isa = PBXFileReference; lastKnownFileType = sourcecode.swift; path = Dynamic.swift; sourceTree = "<group>"; };
		9478D8562A19592D00A1A72A /* UIView.swift */ = {isa = PBXFileReference; lastKnownFileType = sourcecode.swift; path = UIView.swift; sourceTree = "<group>"; };
		9478D8592A19602F00A1A72A /* Localizable.strings */ = {isa = PBXFileReference; lastKnownFileType = text.plist.strings; path = Localizable.strings; sourceTree = "<group>"; };
		9478D85C2A1960F100A1A72A /* LocalizableBundle.swift */ = {isa = PBXFileReference; lastKnownFileType = sourcecode.swift; path = LocalizableBundle.swift; sourceTree = "<group>"; };
		9478D8602A19617B00A1A72A /* String.swift */ = {isa = PBXFileReference; lastKnownFileType = sourcecode.swift; path = String.swift; sourceTree = "<group>"; };
		9478D8622A19622600A1A72A /* AccessibilityLocalizable.strings */ = {isa = PBXFileReference; lastKnownFileType = text.plist.strings; path = AccessibilityLocalizable.strings; sourceTree = "<group>"; };
		9478D8662A19635900A1A72A /* UITableView.swift */ = {isa = PBXFileReference; lastKnownFileType = sourcecode.swift; path = UITableView.swift; sourceTree = "<group>"; };
		9478D86B2A1963AF00A1A72A /* NSObject.swift */ = {isa = PBXFileReference; lastKnownFileType = sourcecode.swift; path = NSObject.swift; sourceTree = "<group>"; };
		9478D86E2A19654E00A1A72A /* GenericCell.swift */ = {isa = PBXFileReference; lastKnownFileType = sourcecode.swift; path = GenericCell.swift; sourceTree = "<group>"; };
		9478D87A2A196BCD00A1A72A /* GenericCellViewModelProtocol.swift */ = {isa = PBXFileReference; lastKnownFileType = sourcecode.swift; path = GenericCellViewModelProtocol.swift; sourceTree = "<group>"; };
		9478D87C2A196C0900A1A72A /* GenericCellViewModel.swift */ = {isa = PBXFileReference; lastKnownFileType = sourcecode.swift; path = GenericCellViewModel.swift; sourceTree = "<group>"; };
		9478D87F2A196CB200A1A72A /* GenericCellModel.swift */ = {isa = PBXFileReference; lastKnownFileType = sourcecode.swift; path = GenericCellModel.swift; sourceTree = "<group>"; };
		9478D8812A19761000A1A72A /* GenericLoadingCell.swift */ = {isa = PBXFileReference; lastKnownFileType = sourcecode.swift; path = GenericLoadingCell.swift; sourceTree = "<group>"; };
		9478D8852A197FCF00A1A72A /* UIImageView.swift */ = {isa = PBXFileReference; lastKnownFileType = sourcecode.swift; path = UIImageView.swift; sourceTree = "<group>"; };
		9478D88E2A19AD2C00A1A72A /* GenericLoadingCellTests.swift */ = {isa = PBXFileReference; lastKnownFileType = sourcecode.swift; path = GenericLoadingCellTests.swift; sourceTree = "<group>"; };
		9478D8932A19ADE700A1A72A /* BaseXCTest.swift */ = {isa = PBXFileReference; lastKnownFileType = sourcecode.swift; path = BaseXCTest.swift; sourceTree = "<group>"; };
		9478D8962A19AFE000A1A72A /* XCTestExtensionView.swift */ = {isa = PBXFileReference; lastKnownFileType = sourcecode.swift; path = XCTestExtensionView.swift; sourceTree = "<group>"; };
		9478D8982A19B07900A1A72A /* UIImage.swift */ = {isa = PBXFileReference; lastKnownFileType = sourcecode.swift; path = UIImage.swift; sourceTree = "<group>"; };
		9478D89B2A19B11800A1A72A /* Elements.swift */ = {isa = PBXFileReference; lastKnownFileType = sourcecode.swift; path = Elements.swift; sourceTree = "<group>"; };
		97B4BF2849172EB6534A29FD /* Pods-GitHubUserInformation.release.xcconfig */ = {isa = PBXFileReference; includeInIndex = 1; lastKnownFileType = text.xcconfig; name = "Pods-GitHubUserInformation.release.xcconfig"; path = "Target Support Files/Pods-GitHubUserInformation/Pods-GitHubUserInformation.release.xcconfig"; sourceTree = "<group>"; };
		9836A1FC31C560DD28AEC1EE /* Pods_GitHubUserInformation_GitHubUserInformationUITests.framework */ = {isa = PBXFileReference; explicitFileType = wrapper.framework; includeInIndex = 0; path = Pods_GitHubUserInformation_GitHubUserInformationUITests.framework; sourceTree = BUILT_PRODUCTS_DIR; };
		ED3F7F5A0434B88FC2C3C2B4 /* Pods-GitHubUserInformation-GitHubUserInformationTests.develop.xcconfig */ = {isa = PBXFileReference; includeInIndex = 1; lastKnownFileType = text.xcconfig; name = "Pods-GitHubUserInformation-GitHubUserInformationTests.develop.xcconfig"; path = "Target Support Files/Pods-GitHubUserInformation-GitHubUserInformationTests/Pods-GitHubUserInformation-GitHubUserInformationTests.develop.xcconfig"; sourceTree = "<group>"; };
		ED5174226CC09ED5532EA51B /* Pods-GitHubUserInformation-GitHubUserInformationTests.homologation.xcconfig */ = {isa = PBXFileReference; includeInIndex = 1; lastKnownFileType = text.xcconfig; name = "Pods-GitHubUserInformation-GitHubUserInformationTests.homologation.xcconfig"; path = "Target Support Files/Pods-GitHubUserInformation-GitHubUserInformationTests/Pods-GitHubUserInformation-GitHubUserInformationTests.homologation.xcconfig"; sourceTree = "<group>"; };
/* End PBXFileReference section */

/* Begin PBXFrameworksBuildPhase section */
		94021A622A19068000081271 /* Frameworks */ = {
			isa = PBXFrameworksBuildPhase;
			buildActionMask = 2147483647;
			files = (
				6CA35AAEF8979E98FABF028B /* Pods_GitHubUserInformation.framework in Frameworks */,
			);
			runOnlyForDeploymentPostprocessing = 0;
		};
		94021A782A19068200081271 /* Frameworks */ = {
			isa = PBXFrameworksBuildPhase;
			buildActionMask = 2147483647;
			files = (
				F12885B89733209C28F1D6AE /* Pods_GitHubUserInformation_GitHubUserInformationTests.framework in Frameworks */,
			);
			runOnlyForDeploymentPostprocessing = 0;
		};
		94021A822A19068200081271 /* Frameworks */ = {
			isa = PBXFrameworksBuildPhase;
			buildActionMask = 2147483647;
			files = (
				B3B39717CA9AE3B23DA05DD5 /* Pods_GitHubUserInformation_GitHubUserInformationUITests.framework in Frameworks */,
			);
			runOnlyForDeploymentPostprocessing = 0;
		};
/* End PBXFrameworksBuildPhase section */

/* Begin PBXGroup section */
		4D28B21B2F93E159353913CA /* Pods */ = {
			isa = PBXGroup;
			children = (
				64807AFF9800C83BF49A6343 /* Pods-GitHubUserInformation.debug.xcconfig */,
				97B4BF2849172EB6534A29FD /* Pods-GitHubUserInformation.release.xcconfig */,
				77AF92F4A93A3195C18A346C /* Pods-GitHubUserInformation-GitHubUserInformationTests.debug.xcconfig */,
				38095FDE96A6299CF0270308 /* Pods-GitHubUserInformation-GitHubUserInformationTests.release.xcconfig */,
				337319C77D9BD50919C10E9D /* Pods-GitHubUserInformation-GitHubUserInformationUITests.debug.xcconfig */,
				7BB4B2749480FEF3E36C26F0 /* Pods-GitHubUserInformation-GitHubUserInformationUITests.release.xcconfig */,
				370B8890D26E5E71EEED8BE8 /* Pods-GitHubUserInformation.develop.xcconfig */,
				4D5DD9C6396D96BB6BB00644 /* Pods-GitHubUserInformation.homologation.xcconfig */,
				ED3F7F5A0434B88FC2C3C2B4 /* Pods-GitHubUserInformation-GitHubUserInformationTests.develop.xcconfig */,
				ED5174226CC09ED5532EA51B /* Pods-GitHubUserInformation-GitHubUserInformationTests.homologation.xcconfig */,
				915CB842D56A2EFB6BD39DE1 /* Pods-GitHubUserInformation-GitHubUserInformationUITests.develop.xcconfig */,
				7918ADB176D190F42118E4F0 /* Pods-GitHubUserInformation-GitHubUserInformationUITests.homologation.xcconfig */,
			);
			path = Pods;
			sourceTree = "<group>";
		};
		94021A5C2A19068000081271 = {
			isa = PBXGroup;
			children = (
				94021A672A19068000081271 /* GitHubUserInformation */,
				94021A7E2A19068200081271 /* GitHubUserInformationTests */,
				94021A882A19068200081271 /* GitHubUserInformationUITests */,
				94021A662A19068000081271 /* Products */,
				4D28B21B2F93E159353913CA /* Pods */,
				F658287E5E5D6928D8C07EC8 /* Frameworks */,
			);
			sourceTree = "<group>";
		};
		94021A662A19068000081271 /* Products */ = {
			isa = PBXGroup;
			children = (
				94021A652A19068000081271 /* GitHubUserInformation.app */,
				94021A7B2A19068200081271 /* GitHubUserInformationTests.xctest */,
				94021A852A19068200081271 /* GitHubUserInformationUITests.xctest */,
			);
			name = Products;
			sourceTree = "<group>";
		};
		94021A672A19068000081271 /* GitHubUserInformation */ = {
			isa = PBXGroup;
			children = (
				94021A9A2A19096200081271 /* SuportFiles */,
				94021A992A1906AC00081271 /* Resources */,
				94021A982A19069100081271 /* Sources */,
			);
			path = GitHubUserInformation;
			sourceTree = "<group>";
		};
		94021A7E2A19068200081271 /* GitHubUserInformationTests */ = {
			isa = PBXGroup;
			children = (
				9478D8872A19AB6F00A1A72A /* Sources */,
				94021A7F2A19068200081271 /* GitHubUserInformationTests.swift */,
			);
			path = GitHubUserInformationTests;
			sourceTree = "<group>";
		};
		94021A882A19068200081271 /* GitHubUserInformationUITests */ = {
			isa = PBXGroup;
			children = (
				94021A892A19068200081271 /* GitHubUserInformationUITests.swift */,
				94021A8B2A19068200081271 /* GitHubUserInformationUITestsLaunchTests.swift */,
			);
			path = GitHubUserInformationUITests;
			sourceTree = "<group>";
		};
		94021A982A19069100081271 /* Sources */ = {
			isa = PBXGroup;
			children = (
				94021A9B2A190A6000081271 /* Feature */,
				9478D7F52A1924B200A1A72A /* Infrastructure */,
			);
			path = Sources;
			sourceTree = "<group>";
		};
		94021A992A1906AC00081271 /* Resources */ = {
			isa = PBXGroup;
			children = (
				9478D8582A19601900A1A72A /* Strings */,
				94021A712A19068200081271 /* Assets.xcassets */,
			);
			path = Resources;
			sourceTree = "<group>";
		};
		94021A9A2A19096200081271 /* SuportFiles */ = {
			isa = PBXGroup;
			children = (
				94021A732A19068200081271 /* LaunchScreen.storyboard */,
				94021A762A19068200081271 /* Info.plist */,
				94021A682A19068000081271 /* AppDelegate.swift */,
			);
			path = SuportFiles;
			sourceTree = "<group>";
		};
		94021A9B2A190A6000081271 /* Feature */ = {
			isa = PBXGroup;
			children = (
				9478D8702A196B4000A1A72A /* Common */,
				94021A9C2A190A6800081271 /* User */,
			);
			path = Feature;
			sourceTree = "<group>";
		};
		94021A9C2A190A6800081271 /* User */ = {
			isa = PBXGroup;
			children = (
				94021A9F2A190A8200081271 /* Data */,
				94021A9E2A190A7C00081271 /* Domain */,
				94021A9D2A190A6F00081271 /* Presentation */,
			);
			path = User;
			sourceTree = "<group>";
		};
		94021A9D2A190A6F00081271 /* Presentation */ = {
			isa = PBXGroup;
			children = (
				9478D86D2A19651000A1A72A /* View */,
				94021AA42A190ACB00081271 /* ViewController */,
			);
			path = Presentation;
			sourceTree = "<group>";
		};
		94021A9E2A190A7C00081271 /* Domain */ = {
			isa = PBXGroup;
			children = (
				9478D84E2A19538B00A1A72A /* ViewModel */,
				9478D8452A194E1E00A1A72A /* Business */,
			);
			path = Domain;
			sourceTree = "<group>";
		};
		94021A9F2A190A8200081271 /* Data */ = {
			isa = PBXGroup;
			children = (
				9478D84B2A19521600A1A72A /* Manager */,
				9478D8412A194CE900A1A72A /* Operation */,
				94021AA02A190A8900081271 /* Model */,
			);
			path = Data;
			sourceTree = "<group>";
		};
		94021AA02A190A8900081271 /* Model */ = {
			isa = PBXGroup;
			children = (
				94021AA12A190A8E00081271 /* Response */,
			);
			path = Model;
			sourceTree = "<group>";
		};
		94021AA12A190A8E00081271 /* Response */ = {
			isa = PBXGroup;
			children = (
				94021AA22A190AC400081271 /* UserResponse.swift */,
			);
			path = Response;
			sourceTree = "<group>";
		};
		94021AA42A190ACB00081271 /* ViewController */ = {
			isa = PBXGroup;
			children = (
				94021AA52A190AF700081271 /* HomeViewController.swift */,
			);
			path = ViewController;
			sourceTree = "<group>";
		};
		9478D7F52A1924B200A1A72A /* Infrastructure */ = {
			isa = PBXGroup;
			children = (
				9478D85B2A1960C800A1A72A /* LocalizableStrings */,
				9478D8482A1950BA00A1A72A /* Constants */,
				9478D7F62A1924CC00A1A72A /* Core */,
			);
			path = Infrastructure;
			sourceTree = "<group>";
		};
		9478D7F62A1924CC00A1A72A /* Core */ = {
			isa = PBXGroup;
			children = (
				9478D85E2A19616600A1A72A /* Foundation */,
				9478D8512A19565F00A1A72A /* UICommon */,
				9478D83C2A1947FA00A1A72A /* Operation */,
				9478D8392A1947BB00A1A72A /* Manager */,
				9478D82A2A19378900A1A72A /* Infrastructure */,
				9478D80F2A192D6700A1A72A /* Provider */,
				9478D8002A1926E200A1A72A /* Common */,
				9478D7F72A1924DC00A1A72A /* Enums */,
				9478D8302A19385500A1A72A /* Core.swift */,
			);
			path = Core;
			sourceTree = "<group>";
		};
		9478D7F72A1924DC00A1A72A /* Enums */ = {
			isa = PBXGroup;
			children = (
				9478D7FB2A19258300A1A72A /* BaseError */,
				9478D7F82A1924E900A1A72A /* Bundle */,
			);
			path = Enums;
			sourceTree = "<group>";
		};
		9478D7F82A1924E900A1A72A /* Bundle */ = {
			isa = PBXGroup;
			children = (
				9478D7F92A19251500A1A72A /* BundleData.swift */,
			);
			path = Bundle;
			sourceTree = "<group>";
		};
		9478D7FB2A19258300A1A72A /* BaseError */ = {
			isa = PBXGroup;
			children = (
				9478D7FC2A1925A900A1A72A /* BaseError.swift */,
			);
			path = BaseError;
			sourceTree = "<group>";
		};
		9478D7FF2A1926D900A1A72A /* Storage */ = {
			isa = PBXGroup;
			children = (
				9478D8012A19271100A1A72A /* InfoPList.swift */,
				9478D8322A1938B200A1A72A /* FileRepresentation.swift */,
			);
			path = Storage;
			sourceTree = "<group>";
		};
		9478D8002A1926E200A1A72A /* Common */ = {
			isa = PBXGroup;
			children = (
				9478D8272A19362000A1A72A /* Extension */,
				9478D8122A192E8100A1A72A /* Networking */,
				9478D8032A19283700A1A72A /* Environment */,
				9478D7FF2A1926D900A1A72A /* Storage */,
			);
			path = Common;
			sourceTree = "<group>";
		};
		9478D8032A19283700A1A72A /* Environment */ = {
			isa = PBXGroup;
			children = (
				9478D8052A1928D100A1A72A /* Environment.swift */,
			);
			path = Environment;
			sourceTree = "<group>";
		};
		9478D80F2A192D6700A1A72A /* Provider */ = {
			isa = PBXGroup;
			children = (
				9478D8102A192D9600A1A72A /* ApiProviderProtocol.swift */,
				9478D8202A1932DE00A1A72A /* ApiProvider.swift */,
			);
			path = Provider;
			sourceTree = "<group>";
		};
		9478D8122A192E8100A1A72A /* Networking */ = {
			isa = PBXGroup;
			children = (
				9478D8362A19432600A1A72A /* Extension */,
				9478D8242A19355200A1A72A /* Utils */,
				9478D8192A1930A100A1A72A /* Protocol */,
				9478D8162A192FDC00A1A72A /* Response */,
				9478D8132A192E9E00A1A72A /* Enum */,
				9478D81E2A1931E300A1A72A /* NetworkingRequestData.swift */,
				9478D8222A1934B600A1A72A /* NetworkingProvider.swift */,
				9478D8342A1939D900A1A72A /* NetworkingSessionDelegate.swift */,
			);
			path = Networking;
			sourceTree = "<group>";
		};
		9478D8132A192E9E00A1A72A /* Enum */ = {
			isa = PBXGroup;
			children = (
				9478D8142A192EA900A1A72A /* HttpResponseStatus.swift */,
				9478D81A2A19313C00A1A72A /* HttpRequestType.swift */,
			);
			path = Enum;
			sourceTree = "<group>";
		};
		9478D8162A192FDC00A1A72A /* Response */ = {
			isa = PBXGroup;
			children = (
				9478D8172A192FF300A1A72A /* ResponseObject.swift */,
			);
			path = Response;
			sourceTree = "<group>";
		};
		9478D8192A1930A100A1A72A /* Protocol */ = {
			isa = PBXGroup;
			children = (
				9478D81C2A19316300A1A72A /* NetworkingProviderProtocol.swift */,
			);
			path = Protocol;
			sourceTree = "<group>";
		};
		9478D8242A19355200A1A72A /* Utils */ = {
			isa = PBXGroup;
			children = (
				9478D8252A19356600A1A72A /* NetworkingUtils.swift */,
			);
			path = Utils;
			sourceTree = "<group>";
		};
		9478D8272A19362000A1A72A /* Extension */ = {
			isa = PBXGroup;
			children = (
				9478D8282A19364300A1A72A /* HTTPURLResponse.swift */,
			);
			path = Extension;
			sourceTree = "<group>";
		};
		9478D82A2A19378900A1A72A /* Infrastructure */ = {
			isa = PBXGroup;
			children = (
				9478D82B2A19379200A1A72A /* Logging */,
			);
			path = Infrastructure;
			sourceTree = "<group>";
		};
		9478D82B2A19379200A1A72A /* Logging */ = {
			isa = PBXGroup;
			children = (
				9478D82D2A1937AC00A1A72A /* Logger.swift */,
			);
			path = Logging;
			sourceTree = "<group>";
		};
		9478D8362A19432600A1A72A /* Extension */ = {
			isa = PBXGroup;
			children = (
				9478D8372A19433F00A1A72A /* Reachability.swift */,
			);
			path = Extension;
			sourceTree = "<group>";
		};
		9478D8392A1947BB00A1A72A /* Manager */ = {
			isa = PBXGroup;
			children = (
				9478D83A2A1947CD00A1A72A /* BaseManager.swift */,
			);
			path = Manager;
			sourceTree = "<group>";
		};
		9478D83C2A1947FA00A1A72A /* Operation */ = {
			isa = PBXGroup;
			children = (
				9478D83D2A19482400A1A72A /* AsyncOperation.swift */,
				9478D83F2A19485700A1A72A /* NetworkingOperation.swift */,
			);
			path = Operation;
			sourceTree = "<group>";
		};
		9478D8412A194CE900A1A72A /* Operation */ = {
			isa = PBXGroup;
			children = (
				9478D8432A194D6400A1A72A /* UserListGetOperation.swift */,
			);
			path = Operation;
			sourceTree = "<group>";
		};
		9478D8452A194E1E00A1A72A /* Business */ = {
			isa = PBXGroup;
			children = (
				9478D8462A194E4300A1A72A /* HomeBusiness.swift */,
			);
			path = Business;
			sourceTree = "<group>";
		};
		9478D8482A1950BA00A1A72A /* Constants */ = {
			isa = PBXGroup;
			children = (
				9478D8492A1950D300A1A72A /* ApplicationConstants.swift */,
			);
			path = Constants;
			sourceTree = "<group>";
		};
		9478D84B2A19521600A1A72A /* Manager */ = {
			isa = PBXGroup;
			children = (
				9478D84C2A19522300A1A72A /* HomeManager.swift */,
			);
			path = Manager;
			sourceTree = "<group>";
		};
		9478D84E2A19538B00A1A72A /* ViewModel */ = {
			isa = PBXGroup;
			children = (
				9478D84F2A19539E00A1A72A /* HomeViewModel.swift */,
			);
			path = ViewModel;
			sourceTree = "<group>";
		};
		9478D8512A19565F00A1A72A /* UICommon */ = {
			isa = PBXGroup;
			children = (
				9478D8832A197FB400A1A72A /* UIImageView */,
				9478D8642A19633B00A1A72A /* TableView */,
				9478D8552A19591600A1A72A /* UIView */,
				9478D8522A19566A00A1A72A /* Dynamic */,
			);
			path = UICommon;
			sourceTree = "<group>";
		};
		9478D8522A19566A00A1A72A /* Dynamic */ = {
			isa = PBXGroup;
			children = (
				9478D8532A19568500A1A72A /* Dynamic.swift */,
			);
			path = Dynamic;
			sourceTree = "<group>";
		};
		9478D8552A19591600A1A72A /* UIView */ = {
			isa = PBXGroup;
			children = (
				9478D8682A19636700A1A72A /* Extension */,
			);
			path = UIView;
			sourceTree = "<group>";
		};
		9478D8582A19601900A1A72A /* Strings */ = {
			isa = PBXGroup;
			children = (
				9478D8592A19602F00A1A72A /* Localizable.strings */,
				9478D8622A19622600A1A72A /* AccessibilityLocalizable.strings */,
			);
			path = Strings;
			sourceTree = "<group>";
		};
		9478D85B2A1960C800A1A72A /* LocalizableStrings */ = {
			isa = PBXGroup;
			children = (
				9478D85C2A1960F100A1A72A /* LocalizableBundle.swift */,
			);
			path = LocalizableStrings;
			sourceTree = "<group>";
		};
		9478D85E2A19616600A1A72A /* Foundation */ = {
			isa = PBXGroup;
			children = (
				9478D85F2A19616D00A1A72A /* Extension */,
			);
			path = Foundation;
			sourceTree = "<group>";
		};
		9478D85F2A19616D00A1A72A /* Extension */ = {
			isa = PBXGroup;
			children = (
				9478D86A2A19639B00A1A72A /* String */,
				9478D8692A19639200A1A72A /* NSObject */,
			);
			path = Extension;
			sourceTree = "<group>";
		};
		9478D8642A19633B00A1A72A /* TableView */ = {
			isa = PBXGroup;
			children = (
				9478D8652A19634900A1A72A /* Extension */,
			);
			path = TableView;
			sourceTree = "<group>";
		};
		9478D8652A19634900A1A72A /* Extension */ = {
			isa = PBXGroup;
			children = (
				9478D8662A19635900A1A72A /* UITableView.swift */,
			);
			path = Extension;
			sourceTree = "<group>";
		};
		9478D8682A19636700A1A72A /* Extension */ = {
			isa = PBXGroup;
			children = (
				9478D8562A19592D00A1A72A /* UIView.swift */,
			);
			path = Extension;
			sourceTree = "<group>";
		};
		9478D8692A19639200A1A72A /* NSObject */ = {
			isa = PBXGroup;
			children = (
				9478D86B2A1963AF00A1A72A /* NSObject.swift */,
			);
			path = NSObject;
			sourceTree = "<group>";
		};
		9478D86A2A19639B00A1A72A /* String */ = {
			isa = PBXGroup;
			children = (
				9478D8602A19617B00A1A72A /* String.swift */,
			);
			path = String;
			sourceTree = "<group>";
		};
		9478D86D2A19651000A1A72A /* View */ = {
			isa = PBXGroup;
			children = (
			);
			path = View;
			sourceTree = "<group>";
		};
		9478D8702A196B4000A1A72A /* Common */ = {
			isa = PBXGroup;
			children = (
				9478D8712A196B5A00A1A72A /* UICommon */,
			);
			path = Common;
			sourceTree = "<group>";
		};
		9478D8712A196B5A00A1A72A /* UICommon */ = {
			isa = PBXGroup;
			children = (
				9478D8722A196B6D00A1A72A /* Generics */,
			);
			path = UICommon;
			sourceTree = "<group>";
		};
		9478D8722A196B6D00A1A72A /* Generics */ = {
			isa = PBXGroup;
			children = (
				9478D8732A196B7700A1A72A /* GenericCell */,
			);
			path = Generics;
			sourceTree = "<group>";
		};
		9478D8732A196B7700A1A72A /* GenericCell */ = {
			isa = PBXGroup;
			children = (
				9478D8762A196BA100A1A72A /* Data */,
				9478D8772A196BA600A1A72A /* Domain */,
				9478D8742A196B8A00A1A72A /* Presentation */,
			);
			path = GenericCell;
			sourceTree = "<group>";
		};
		9478D8742A196B8A00A1A72A /* Presentation */ = {
			isa = PBXGroup;
			children = (
				9478D8752A196B9300A1A72A /* View */,
			);
			path = Presentation;
			sourceTree = "<group>";
		};
		9478D8752A196B9300A1A72A /* View */ = {
			isa = PBXGroup;
			children = (
				9478D86E2A19654E00A1A72A /* GenericCell.swift */,
				9478D8812A19761000A1A72A /* GenericLoadingCell.swift */,
			);
			path = View;
			sourceTree = "<group>";
		};
		9478D8762A196BA100A1A72A /* Data */ = {
			isa = PBXGroup;
			children = (
				9478D87E2A196C5100A1A72A /* Model */,
			);
			path = Data;
			sourceTree = "<group>";
		};
		9478D8772A196BA600A1A72A /* Domain */ = {
			isa = PBXGroup;
			children = (
				9478D8782A196BB000A1A72A /* ViewModel */,
			);
			path = Domain;
			sourceTree = "<group>";
		};
		9478D8782A196BB000A1A72A /* ViewModel */ = {
			isa = PBXGroup;
			children = (
				9478D8792A196BBB00A1A72A /* Protocol */,
				9478D87C2A196C0900A1A72A /* GenericCellViewModel.swift */,
			);
			path = ViewModel;
			sourceTree = "<group>";
		};
		9478D8792A196BBB00A1A72A /* Protocol */ = {
			isa = PBXGroup;
			children = (
				9478D87A2A196BCD00A1A72A /* GenericCellViewModelProtocol.swift */,
			);
			path = Protocol;
			sourceTree = "<group>";
		};
		9478D87E2A196C5100A1A72A /* Model */ = {
			isa = PBXGroup;
			children = (
				9478D87F2A196CB200A1A72A /* GenericCellModel.swift */,
			);
			path = Model;
			sourceTree = "<group>";
		};
		9478D8832A197FB400A1A72A /* UIImageView */ = {
			isa = PBXGroup;
			children = (
				9478D8842A197FC100A1A72A /* Extension */,
			);
			path = UIImageView;
			sourceTree = "<group>";
		};
		9478D8842A197FC100A1A72A /* Extension */ = {
			isa = PBXGroup;
			children = (
				9478D8852A197FCF00A1A72A /* UIImageView.swift */,
			);
			path = Extension;
			sourceTree = "<group>";
		};
		9478D8872A19AB6F00A1A72A /* Sources */ = {
			isa = PBXGroup;
			children = (
				9478D8912A19AD7400A1A72A /* Infrastructure */,
				9478D8882A19ABA900A1A72A /* Features */,
			);
			path = Sources;
			sourceTree = "<group>";
		};
		9478D8882A19ABA900A1A72A /* Features */ = {
			isa = PBXGroup;
			children = (
				9478D8892A19ABCF00A1A72A /* Common */,
			);
			path = Features;
			sourceTree = "<group>";
		};
		9478D8892A19ABCF00A1A72A /* Common */ = {
			isa = PBXGroup;
			children = (
				9478D88A2A19ABD700A1A72A /* UICommon */,
			);
			path = Common;
			sourceTree = "<group>";
		};
		9478D88A2A19ABD700A1A72A /* UICommon */ = {
			isa = PBXGroup;
			children = (
				9478D88B2A19AC0A00A1A72A /* Generics */,
			);
			path = UICommon;
			sourceTree = "<group>";
		};
		9478D88B2A19AC0A00A1A72A /* Generics */ = {
			isa = PBXGroup;
			children = (
				9478D88C2A19AC1E00A1A72A /* Presentation */,
			);
			path = Generics;
			sourceTree = "<group>";
		};
		9478D88C2A19AC1E00A1A72A /* Presentation */ = {
			isa = PBXGroup;
			children = (
				9478D88D2A19AC2600A1A72A /* View */,
			);
			path = Presentation;
			sourceTree = "<group>";
		};
		9478D88D2A19AC2600A1A72A /* View */ = {
			isa = PBXGroup;
			children = (
				9478D88E2A19AD2C00A1A72A /* GenericLoadingCellTests.swift */,
			);
			path = View;
			sourceTree = "<group>";
		};
		9478D8912A19AD7400A1A72A /* Infrastructure */ = {
			isa = PBXGroup;
			children = (
				9478D8922A19AD8700A1A72A /* BaseXCTest */,
			);
			path = Infrastructure;
			sourceTree = "<group>";
		};
		9478D8922A19AD8700A1A72A /* BaseXCTest */ = {
			isa = PBXGroup;
			children = (
				9478D89A2A19B0FE00A1A72A /* Elements */,
				9478D8952A19AFCA00A1A72A /* Extension */,
				9478D8932A19ADE700A1A72A /* BaseXCTest.swift */,
			);
			path = BaseXCTest;
			sourceTree = "<group>";
		};
		9478D8952A19AFCA00A1A72A /* Extension */ = {
			isa = PBXGroup;
			children = (
				9478D8962A19AFE000A1A72A /* XCTestExtensionView.swift */,
				9478D8982A19B07900A1A72A /* UIImage.swift */,
			);
			path = Extension;
			sourceTree = "<group>";
		};
		9478D89A2A19B0FE00A1A72A /* Elements */ = {
			isa = PBXGroup;
			children = (
				9478D89B2A19B11800A1A72A /* Elements.swift */,
			);
			path = Elements;
			sourceTree = "<group>";
		};
		F658287E5E5D6928D8C07EC8 /* Frameworks */ = {
			isa = PBXGroup;
			children = (
				669A0541CD6F45A4708EB73D /* Pods_GitHubUserInformation.framework */,
				60A2E85307132B0820F72648 /* Pods_GitHubUserInformation_GitHubUserInformationTests.framework */,
				9836A1FC31C560DD28AEC1EE /* Pods_GitHubUserInformation_GitHubUserInformationUITests.framework */,
			);
			name = Frameworks;
			sourceTree = "<group>";
		};
/* End PBXGroup section */

/* Begin PBXNativeTarget section */
		94021A642A19068000081271 /* GitHubUserInformation */ = {
			isa = PBXNativeTarget;
			buildConfigurationList = 94021A8F2A19068200081271 /* Build configuration list for PBXNativeTarget "GitHubUserInformation" */;
			buildPhases = (
				D1B842F1DB5917FDA29D1600 /* [CP] Check Pods Manifest.lock */,
				94021A612A19068000081271 /* Sources */,
				94021A622A19068000081271 /* Frameworks */,
				94021A632A19068000081271 /* Resources */,
				9478D7FE2A1925F400A1A72A /* SwiftLint */,
				FD7747FE4807E7E207F37F77 /* [CP] Embed Pods Frameworks */,
			);
			buildRules = (
			);
			dependencies = (
			);
			name = GitHubUserInformation;
			productName = GitHubUserInformation;
			productReference = 94021A652A19068000081271 /* GitHubUserInformation.app */;
			productType = "com.apple.product-type.application";
		};
		94021A7A2A19068200081271 /* GitHubUserInformationTests */ = {
			isa = PBXNativeTarget;
			buildConfigurationList = 94021A922A19068200081271 /* Build configuration list for PBXNativeTarget "GitHubUserInformationTests" */;
			buildPhases = (
				07B64BF2FB95833EB5FF0922 /* [CP] Check Pods Manifest.lock */,
				94021A772A19068200081271 /* Sources */,
				94021A782A19068200081271 /* Frameworks */,
				94021A792A19068200081271 /* Resources */,
				491541483F430A476B93B1C2 /* [CP] Embed Pods Frameworks */,
			);
			buildRules = (
			);
			dependencies = (
				94021A7D2A19068200081271 /* PBXTargetDependency */,
			);
			name = GitHubUserInformationTests;
			productName = GitHubUserInformationTests;
			productReference = 94021A7B2A19068200081271 /* GitHubUserInformationTests.xctest */;
			productType = "com.apple.product-type.bundle.unit-test";
		};
		94021A842A19068200081271 /* GitHubUserInformationUITests */ = {
			isa = PBXNativeTarget;
			buildConfigurationList = 94021A952A19068200081271 /* Build configuration list for PBXNativeTarget "GitHubUserInformationUITests" */;
			buildPhases = (
				941953CCAE4B773876E7EC6E /* [CP] Check Pods Manifest.lock */,
				94021A812A19068200081271 /* Sources */,
				94021A822A19068200081271 /* Frameworks */,
				94021A832A19068200081271 /* Resources */,
				3B823FCDB5DFCF472A6E4C32 /* [CP] Embed Pods Frameworks */,
			);
			buildRules = (
			);
			dependencies = (
				94021A872A19068200081271 /* PBXTargetDependency */,
			);
			name = GitHubUserInformationUITests;
			productName = GitHubUserInformationUITests;
			productReference = 94021A852A19068200081271 /* GitHubUserInformationUITests.xctest */;
			productType = "com.apple.product-type.bundle.ui-testing";
		};
/* End PBXNativeTarget section */

/* Begin PBXProject section */
		94021A5D2A19068000081271 /* Project object */ = {
			isa = PBXProject;
			attributes = {
				BuildIndependentTargetsInParallel = 1;
				LastSwiftUpdateCheck = 1420;
				LastUpgradeCheck = 1420;
				TargetAttributes = {
					94021A642A19068000081271 = {
						CreatedOnToolsVersion = 14.2;
					};
					94021A7A2A19068200081271 = {
						CreatedOnToolsVersion = 14.2;
						TestTargetID = 94021A642A19068000081271;
					};
					94021A842A19068200081271 = {
						CreatedOnToolsVersion = 14.2;
						TestTargetID = 94021A642A19068000081271;
					};
				};
			};
			buildConfigurationList = 94021A602A19068000081271 /* Build configuration list for PBXProject "GitHubUserInformation" */;
			compatibilityVersion = "Xcode 14.0";
			developmentRegion = en;
			hasScannedForEncodings = 0;
			knownRegions = (
				en,
				Base,
			);
			mainGroup = 94021A5C2A19068000081271;
			productRefGroup = 94021A662A19068000081271 /* Products */;
			projectDirPath = "";
			projectRoot = "";
			targets = (
				94021A642A19068000081271 /* GitHubUserInformation */,
				94021A7A2A19068200081271 /* GitHubUserInformationTests */,
				94021A842A19068200081271 /* GitHubUserInformationUITests */,
			);
		};
/* End PBXProject section */

/* Begin PBXResourcesBuildPhase section */
		94021A632A19068000081271 /* Resources */ = {
			isa = PBXResourcesBuildPhase;
			buildActionMask = 2147483647;
			files = (
				9478D8632A19622600A1A72A /* AccessibilityLocalizable.strings in Resources */,
				94021A752A19068200081271 /* LaunchScreen.storyboard in Resources */,
				9478D85A2A19602F00A1A72A /* Localizable.strings in Resources */,
				94021A722A19068200081271 /* Assets.xcassets in Resources */,
			);
			runOnlyForDeploymentPostprocessing = 0;
		};
		94021A792A19068200081271 /* Resources */ = {
			isa = PBXResourcesBuildPhase;
			buildActionMask = 2147483647;
			files = (
			);
			runOnlyForDeploymentPostprocessing = 0;
		};
		94021A832A19068200081271 /* Resources */ = {
			isa = PBXResourcesBuildPhase;
			buildActionMask = 2147483647;
			files = (
			);
			runOnlyForDeploymentPostprocessing = 0;
		};
/* End PBXResourcesBuildPhase section */

/* Begin PBXShellScriptBuildPhase section */
		07B64BF2FB95833EB5FF0922 /* [CP] Check Pods Manifest.lock */ = {
			isa = PBXShellScriptBuildPhase;
			buildActionMask = 2147483647;
			files = (
			);
			inputFileListPaths = (
			);
			inputPaths = (
				"${PODS_PODFILE_DIR_PATH}/Podfile.lock",
				"${PODS_ROOT}/Manifest.lock",
			);
			name = "[CP] Check Pods Manifest.lock";
			outputFileListPaths = (
			);
			outputPaths = (
				"$(DERIVED_FILE_DIR)/Pods-GitHubUserInformation-GitHubUserInformationTests-checkManifestLockResult.txt",
			);
			runOnlyForDeploymentPostprocessing = 0;
			shellPath = /bin/sh;
			shellScript = "diff \"${PODS_PODFILE_DIR_PATH}/Podfile.lock\" \"${PODS_ROOT}/Manifest.lock\" > /dev/null\nif [ $? != 0 ] ; then\n    # print error to STDERR\n    echo \"error: The sandbox is not in sync with the Podfile.lock. Run 'pod install' or update your CocoaPods installation.\" >&2\n    exit 1\nfi\n# This output is used by Xcode 'outputs' to avoid re-running this script phase.\necho \"SUCCESS\" > \"${SCRIPT_OUTPUT_FILE_0}\"\n";
			showEnvVarsInLog = 0;
		};
		3B823FCDB5DFCF472A6E4C32 /* [CP] Embed Pods Frameworks */ = {
			isa = PBXShellScriptBuildPhase;
			buildActionMask = 2147483647;
			files = (
			);
			inputFileListPaths = (
				"${PODS_ROOT}/Target Support Files/Pods-GitHubUserInformation-GitHubUserInformationUITests/Pods-GitHubUserInformation-GitHubUserInformationUITests-frameworks-${CONFIGURATION}-input-files.xcfilelist",
			);
			name = "[CP] Embed Pods Frameworks";
			outputFileListPaths = (
				"${PODS_ROOT}/Target Support Files/Pods-GitHubUserInformation-GitHubUserInformationUITests/Pods-GitHubUserInformation-GitHubUserInformationUITests-frameworks-${CONFIGURATION}-output-files.xcfilelist",
			);
			runOnlyForDeploymentPostprocessing = 0;
			shellPath = /bin/sh;
			shellScript = "\"${PODS_ROOT}/Target Support Files/Pods-GitHubUserInformation-GitHubUserInformationUITests/Pods-GitHubUserInformation-GitHubUserInformationUITests-frameworks.sh\"\n";
			showEnvVarsInLog = 0;
		};
		491541483F430A476B93B1C2 /* [CP] Embed Pods Frameworks */ = {
			isa = PBXShellScriptBuildPhase;
			buildActionMask = 2147483647;
			files = (
			);
			inputFileListPaths = (
				"${PODS_ROOT}/Target Support Files/Pods-GitHubUserInformation-GitHubUserInformationTests/Pods-GitHubUserInformation-GitHubUserInformationTests-frameworks-${CONFIGURATION}-input-files.xcfilelist",
			);
			name = "[CP] Embed Pods Frameworks";
			outputFileListPaths = (
				"${PODS_ROOT}/Target Support Files/Pods-GitHubUserInformation-GitHubUserInformationTests/Pods-GitHubUserInformation-GitHubUserInformationTests-frameworks-${CONFIGURATION}-output-files.xcfilelist",
			);
			runOnlyForDeploymentPostprocessing = 0;
			shellPath = /bin/sh;
			shellScript = "\"${PODS_ROOT}/Target Support Files/Pods-GitHubUserInformation-GitHubUserInformationTests/Pods-GitHubUserInformation-GitHubUserInformationTests-frameworks.sh\"\n";
			showEnvVarsInLog = 0;
		};
		941953CCAE4B773876E7EC6E /* [CP] Check Pods Manifest.lock */ = {
			isa = PBXShellScriptBuildPhase;
			buildActionMask = 2147483647;
			files = (
			);
			inputFileListPaths = (
			);
			inputPaths = (
				"${PODS_PODFILE_DIR_PATH}/Podfile.lock",
				"${PODS_ROOT}/Manifest.lock",
			);
			name = "[CP] Check Pods Manifest.lock";
			outputFileListPaths = (
			);
			outputPaths = (
				"$(DERIVED_FILE_DIR)/Pods-GitHubUserInformation-GitHubUserInformationUITests-checkManifestLockResult.txt",
			);
			runOnlyForDeploymentPostprocessing = 0;
			shellPath = /bin/sh;
			shellScript = "diff \"${PODS_PODFILE_DIR_PATH}/Podfile.lock\" \"${PODS_ROOT}/Manifest.lock\" > /dev/null\nif [ $? != 0 ] ; then\n    # print error to STDERR\n    echo \"error: The sandbox is not in sync with the Podfile.lock. Run 'pod install' or update your CocoaPods installation.\" >&2\n    exit 1\nfi\n# This output is used by Xcode 'outputs' to avoid re-running this script phase.\necho \"SUCCESS\" > \"${SCRIPT_OUTPUT_FILE_0}\"\n";
			showEnvVarsInLog = 0;
		};
		9478D7FE2A1925F400A1A72A /* SwiftLint */ = {
			isa = PBXShellScriptBuildPhase;
			buildActionMask = 2147483647;
			files = (
			);
			inputFileListPaths = (
			);
			inputPaths = (
			);
			name = SwiftLint;
			outputFileListPaths = (
			);
			outputPaths = (
			);
			runOnlyForDeploymentPostprocessing = 0;
			shellPath = /bin/sh;
			shellScript = "\"${PODS_ROOT}/SwiftLint/swiftlint\"\n";
		};
		D1B842F1DB5917FDA29D1600 /* [CP] Check Pods Manifest.lock */ = {
			isa = PBXShellScriptBuildPhase;
			buildActionMask = 2147483647;
			files = (
			);
			inputFileListPaths = (
			);
			inputPaths = (
				"${PODS_PODFILE_DIR_PATH}/Podfile.lock",
				"${PODS_ROOT}/Manifest.lock",
			);
			name = "[CP] Check Pods Manifest.lock";
			outputFileListPaths = (
			);
			outputPaths = (
				"$(DERIVED_FILE_DIR)/Pods-GitHubUserInformation-checkManifestLockResult.txt",
			);
			runOnlyForDeploymentPostprocessing = 0;
			shellPath = /bin/sh;
			shellScript = "diff \"${PODS_PODFILE_DIR_PATH}/Podfile.lock\" \"${PODS_ROOT}/Manifest.lock\" > /dev/null\nif [ $? != 0 ] ; then\n    # print error to STDERR\n    echo \"error: The sandbox is not in sync with the Podfile.lock. Run 'pod install' or update your CocoaPods installation.\" >&2\n    exit 1\nfi\n# This output is used by Xcode 'outputs' to avoid re-running this script phase.\necho \"SUCCESS\" > \"${SCRIPT_OUTPUT_FILE_0}\"\n";
			showEnvVarsInLog = 0;
		};
		FD7747FE4807E7E207F37F77 /* [CP] Embed Pods Frameworks */ = {
			isa = PBXShellScriptBuildPhase;
			buildActionMask = 2147483647;
			files = (
			);
			inputFileListPaths = (
				"${PODS_ROOT}/Target Support Files/Pods-GitHubUserInformation/Pods-GitHubUserInformation-frameworks-${CONFIGURATION}-input-files.xcfilelist",
			);
			name = "[CP] Embed Pods Frameworks";
			outputFileListPaths = (
				"${PODS_ROOT}/Target Support Files/Pods-GitHubUserInformation/Pods-GitHubUserInformation-frameworks-${CONFIGURATION}-output-files.xcfilelist",
			);
			runOnlyForDeploymentPostprocessing = 0;
			shellPath = /bin/sh;
			shellScript = "\"${PODS_ROOT}/Target Support Files/Pods-GitHubUserInformation/Pods-GitHubUserInformation-frameworks.sh\"\n";
			showEnvVarsInLog = 0;
		};
/* End PBXShellScriptBuildPhase section */

/* Begin PBXSourcesBuildPhase section */
		94021A612A19068000081271 /* Sources */ = {
			isa = PBXSourcesBuildPhase;
			buildActionMask = 2147483647;
			files = (
				9478D87D2A196C0900A1A72A /* GenericCellViewModel.swift in Sources */,
				9478D8572A19592D00A1A72A /* UIView.swift in Sources */,
				9478D8022A19271100A1A72A /* InfoPList.swift in Sources */,
				9478D86F2A19654E00A1A72A /* GenericCell.swift in Sources */,
				9478D81B2A19313C00A1A72A /* HttpRequestType.swift in Sources */,
				9478D8332A1938B200A1A72A /* FileRepresentation.swift in Sources */,
				9478D84D2A19522300A1A72A /* HomeManager.swift in Sources */,
				9478D8442A194D6400A1A72A /* UserListGetOperation.swift in Sources */,
				9478D8182A192FF300A1A72A /* ResponseObject.swift in Sources */,
				9478D83B2A1947CD00A1A72A /* BaseManager.swift in Sources */,
				9478D84A2A1950D300A1A72A /* ApplicationConstants.swift in Sources */,
				94021A692A19068000081271 /* AppDelegate.swift in Sources */,
				9478D8472A194E4300A1A72A /* HomeBusiness.swift in Sources */,
				9478D8542A19568500A1A72A /* Dynamic.swift in Sources */,
				9478D8312A19385500A1A72A /* Core.swift in Sources */,
				9478D8802A196CB200A1A72A /* GenericCellModel.swift in Sources */,
				9478D8862A197FCF00A1A72A /* UIImageView.swift in Sources */,
				9478D81D2A19316300A1A72A /* NetworkingProviderProtocol.swift in Sources */,
				9478D8612A19617B00A1A72A /* String.swift in Sources */,
				9478D8212A1932DE00A1A72A /* ApiProvider.swift in Sources */,
				9478D8502A19539E00A1A72A /* HomeViewModel.swift in Sources */,
				94021AA32A190AC400081271 /* UserResponse.swift in Sources */,
				9478D8352A1939D900A1A72A /* NetworkingSessionDelegate.swift in Sources */,
				9478D87B2A196BCD00A1A72A /* GenericCellViewModelProtocol.swift in Sources */,
				9478D8402A19485800A1A72A /* NetworkingOperation.swift in Sources */,
				9478D8292A19364300A1A72A /* HTTPURLResponse.swift in Sources */,
				9478D86C2A1963AF00A1A72A /* NSObject.swift in Sources */,
				9478D81F2A1931E300A1A72A /* NetworkingRequestData.swift in Sources */,
				9478D8232A1934B600A1A72A /* NetworkingProvider.swift in Sources */,
				9478D8262A19356600A1A72A /* NetworkingUtils.swift in Sources */,
				9478D85D2A1960F100A1A72A /* LocalizableBundle.swift in Sources */,
				9478D8112A192D9600A1A72A /* ApiProviderProtocol.swift in Sources */,
				9478D8062A1928D100A1A72A /* Environment.swift in Sources */,
				9478D8672A19635900A1A72A /* UITableView.swift in Sources */,
				9478D8822A19761000A1A72A /* GenericLoadingCell.swift in Sources */,
				9478D82E2A1937AC00A1A72A /* Logger.swift in Sources */,
				9478D8152A192EA900A1A72A /* HttpResponseStatus.swift in Sources */,
				9478D8382A19433F00A1A72A /* Reachability.swift in Sources */,
				94021AA62A190AF700081271 /* HomeViewController.swift in Sources */,
				9478D7FA2A19251500A1A72A /* BundleData.swift in Sources */,
				9478D83E2A19482400A1A72A /* AsyncOperation.swift in Sources */,
				9478D7FD2A1925A900A1A72A /* BaseError.swift in Sources */,
			);
			runOnlyForDeploymentPostprocessing = 0;
		};
		94021A772A19068200081271 /* Sources */ = {
			isa = PBXSourcesBuildPhase;
			buildActionMask = 2147483647;
			files = (
				9478D88F2A19AD2C00A1A72A /* GenericLoadingCellTests.swift in Sources */,
				9478D8992A19B07900A1A72A /* UIImage.swift in Sources */,
				9478D89C2A19B11800A1A72A /* Elements.swift in Sources */,
				94021A802A19068200081271 /* GitHubUserInformationTests.swift in Sources */,
				9478D8942A19ADE700A1A72A /* BaseXCTest.swift in Sources */,
				9478D8972A19AFE000A1A72A /* XCTestExtensionView.swift in Sources */,
			);
			runOnlyForDeploymentPostprocessing = 0;
		};
		94021A812A19068200081271 /* Sources */ = {
			isa = PBXSourcesBuildPhase;
			buildActionMask = 2147483647;
			files = (
				94021A8A2A19068200081271 /* GitHubUserInformationUITests.swift in Sources */,
				94021A8C2A19068200081271 /* GitHubUserInformationUITestsLaunchTests.swift in Sources */,
			);
			runOnlyForDeploymentPostprocessing = 0;
		};
/* End PBXSourcesBuildPhase section */

/* Begin PBXTargetDependency section */
		94021A7D2A19068200081271 /* PBXTargetDependency */ = {
			isa = PBXTargetDependency;
			target = 94021A642A19068000081271 /* GitHubUserInformation */;
			targetProxy = 94021A7C2A19068200081271 /* PBXContainerItemProxy */;
		};
		94021A872A19068200081271 /* PBXTargetDependency */ = {
			isa = PBXTargetDependency;
			target = 94021A642A19068000081271 /* GitHubUserInformation */;
			targetProxy = 94021A862A19068200081271 /* PBXContainerItemProxy */;
		};
/* End PBXTargetDependency section */

/* Begin PBXVariantGroup section */
		94021A732A19068200081271 /* LaunchScreen.storyboard */ = {
			isa = PBXVariantGroup;
			children = (
				94021A742A19068200081271 /* Base */,
			);
			name = LaunchScreen.storyboard;
			sourceTree = "<group>";
		};
/* End PBXVariantGroup section */

/* Begin XCBuildConfiguration section */
		94021A8D2A19068200081271 /* Debug */ = {
			isa = XCBuildConfiguration;
			buildSettings = {
				ALWAYS_SEARCH_USER_PATHS = NO;
				CLANG_ANALYZER_NONNULL = YES;
				CLANG_ANALYZER_NUMBER_OBJECT_CONVERSION = YES_AGGRESSIVE;
				CLANG_CXX_LANGUAGE_STANDARD = "gnu++20";
				CLANG_ENABLE_MODULES = YES;
				CLANG_ENABLE_OBJC_ARC = YES;
				CLANG_ENABLE_OBJC_WEAK = YES;
				CLANG_WARN_BLOCK_CAPTURE_AUTORELEASING = YES;
				CLANG_WARN_BOOL_CONVERSION = YES;
				CLANG_WARN_COMMA = YES;
				CLANG_WARN_CONSTANT_CONVERSION = YES;
				CLANG_WARN_DEPRECATED_OBJC_IMPLEMENTATIONS = YES;
				CLANG_WARN_DIRECT_OBJC_ISA_USAGE = YES_ERROR;
				CLANG_WARN_DOCUMENTATION_COMMENTS = YES;
				CLANG_WARN_EMPTY_BODY = YES;
				CLANG_WARN_ENUM_CONVERSION = YES;
				CLANG_WARN_INFINITE_RECURSION = YES;
				CLANG_WARN_INT_CONVERSION = YES;
				CLANG_WARN_NON_LITERAL_NULL_CONVERSION = YES;
				CLANG_WARN_OBJC_IMPLICIT_RETAIN_SELF = YES;
				CLANG_WARN_OBJC_LITERAL_CONVERSION = YES;
				CLANG_WARN_OBJC_ROOT_CLASS = YES_ERROR;
				CLANG_WARN_QUOTED_INCLUDE_IN_FRAMEWORK_HEADER = YES;
				CLANG_WARN_RANGE_LOOP_ANALYSIS = YES;
				CLANG_WARN_STRICT_PROTOTYPES = YES;
				CLANG_WARN_SUSPICIOUS_MOVE = YES;
				CLANG_WARN_UNGUARDED_AVAILABILITY = YES_AGGRESSIVE;
				CLANG_WARN_UNREACHABLE_CODE = YES;
				CLANG_WARN__DUPLICATE_METHOD_MATCH = YES;
				COPY_PHASE_STRIP = NO;
				DEBUG_INFORMATION_FORMAT = dwarf;
				ENABLE_STRICT_OBJC_MSGSEND = YES;
				ENABLE_TESTABILITY = YES;
				GCC_C_LANGUAGE_STANDARD = gnu11;
				GCC_DYNAMIC_NO_PIC = NO;
				GCC_NO_COMMON_BLOCKS = YES;
				GCC_OPTIMIZATION_LEVEL = 0;
				GCC_PREPROCESSOR_DEFINITIONS = (
					"DEBUG=1",
					"$(inherited)",
				);
				GCC_WARN_64_TO_32_BIT_CONVERSION = YES;
				GCC_WARN_ABOUT_RETURN_TYPE = YES_ERROR;
				GCC_WARN_UNDECLARED_SELECTOR = YES;
				GCC_WARN_UNINITIALIZED_AUTOS = YES_AGGRESSIVE;
				GCC_WARN_UNUSED_FUNCTION = YES;
				GCC_WARN_UNUSED_VARIABLE = YES;
				IPHONEOS_DEPLOYMENT_TARGET = 16.2;
				MTL_ENABLE_DEBUG_INFO = INCLUDE_SOURCE;
				MTL_FAST_MATH = YES;
				ONLY_ACTIVE_ARCH = YES;
				SDKROOT = iphoneos;
				SWIFT_ACTIVE_COMPILATION_CONDITIONS = DEBUG;
				SWIFT_OPTIMIZATION_LEVEL = "-Onone";
			};
			name = Debug;
		};
		94021A8E2A19068200081271 /* Homologation */ = {
			isa = XCBuildConfiguration;
			buildSettings = {
				ALWAYS_SEARCH_USER_PATHS = NO;
				CLANG_ANALYZER_NONNULL = YES;
				CLANG_ANALYZER_NUMBER_OBJECT_CONVERSION = YES_AGGRESSIVE;
				CLANG_CXX_LANGUAGE_STANDARD = "gnu++20";
				CLANG_ENABLE_MODULES = YES;
				CLANG_ENABLE_OBJC_ARC = YES;
				CLANG_ENABLE_OBJC_WEAK = YES;
				CLANG_WARN_BLOCK_CAPTURE_AUTORELEASING = YES;
				CLANG_WARN_BOOL_CONVERSION = YES;
				CLANG_WARN_COMMA = YES;
				CLANG_WARN_CONSTANT_CONVERSION = YES;
				CLANG_WARN_DEPRECATED_OBJC_IMPLEMENTATIONS = YES;
				CLANG_WARN_DIRECT_OBJC_ISA_USAGE = YES_ERROR;
				CLANG_WARN_DOCUMENTATION_COMMENTS = YES;
				CLANG_WARN_EMPTY_BODY = YES;
				CLANG_WARN_ENUM_CONVERSION = YES;
				CLANG_WARN_INFINITE_RECURSION = YES;
				CLANG_WARN_INT_CONVERSION = YES;
				CLANG_WARN_NON_LITERAL_NULL_CONVERSION = YES;
				CLANG_WARN_OBJC_IMPLICIT_RETAIN_SELF = YES;
				CLANG_WARN_OBJC_LITERAL_CONVERSION = YES;
				CLANG_WARN_OBJC_ROOT_CLASS = YES_ERROR;
				CLANG_WARN_QUOTED_INCLUDE_IN_FRAMEWORK_HEADER = YES;
				CLANG_WARN_RANGE_LOOP_ANALYSIS = YES;
				CLANG_WARN_STRICT_PROTOTYPES = YES;
				CLANG_WARN_SUSPICIOUS_MOVE = YES;
				CLANG_WARN_UNGUARDED_AVAILABILITY = YES_AGGRESSIVE;
				CLANG_WARN_UNREACHABLE_CODE = YES;
				CLANG_WARN__DUPLICATE_METHOD_MATCH = YES;
				COPY_PHASE_STRIP = NO;
				DEBUG_INFORMATION_FORMAT = "dwarf-with-dsym";
				ENABLE_NS_ASSERTIONS = NO;
				ENABLE_STRICT_OBJC_MSGSEND = YES;
				GCC_C_LANGUAGE_STANDARD = gnu11;
				GCC_NO_COMMON_BLOCKS = YES;
				GCC_WARN_64_TO_32_BIT_CONVERSION = YES;
				GCC_WARN_ABOUT_RETURN_TYPE = YES_ERROR;
				GCC_WARN_UNDECLARED_SELECTOR = YES;
				GCC_WARN_UNINITIALIZED_AUTOS = YES_AGGRESSIVE;
				GCC_WARN_UNUSED_FUNCTION = YES;
				GCC_WARN_UNUSED_VARIABLE = YES;
				IPHONEOS_DEPLOYMENT_TARGET = 16.2;
				MTL_ENABLE_DEBUG_INFO = NO;
				MTL_FAST_MATH = YES;
				SDKROOT = iphoneos;
				SWIFT_COMPILATION_MODE = wholemodule;
				SWIFT_OPTIMIZATION_LEVEL = "-O";
				VALIDATE_PRODUCT = YES;
			};
			name = Homologation;
		};
		94021A902A19068200081271 /* Debug */ = {
			isa = XCBuildConfiguration;
			baseConfigurationReference = 64807AFF9800C83BF49A6343 /* Pods-GitHubUserInformation.debug.xcconfig */;
			buildSettings = {
				APP_ENVIRONMENT = Debug;
				ASSETCATALOG_COMPILER_APPICON_NAME = AppIcon;
				ASSETCATALOG_COMPILER_GLOBAL_ACCENT_COLOR_NAME = AccentColor;
				CODE_SIGN_STYLE = Automatic;
				CURRENT_PROJECT_VERSION = 1;
				DEVELOPMENT_TEAM = FLM2WYKE6E;
				GENERATE_INFOPLIST_FILE = YES;
				INFOPLIST_FILE = GitHubUserInformation/SuportFiles/Info.plist;
				INFOPLIST_KEY_UIApplicationSupportsIndirectInputEvents = YES;
				INFOPLIST_KEY_UILaunchStoryboardName = LaunchScreen;
				INFOPLIST_KEY_UISupportedInterfaceOrientations_iPad = "UIInterfaceOrientationPortrait UIInterfaceOrientationPortraitUpsideDown UIInterfaceOrientationLandscapeLeft UIInterfaceOrientationLandscapeRight";
				INFOPLIST_KEY_UISupportedInterfaceOrientations_iPhone = "UIInterfaceOrientationPortrait UIInterfaceOrientationLandscapeLeft UIInterfaceOrientationLandscapeRight";
				LD_RUNPATH_SEARCH_PATHS = (
					"$(inherited)",
					"@executable_path/Frameworks",
				);
				MARKETING_VERSION = 1.0;
				PRODUCT_BUNDLE_IDENTIFIER = br.com.andrecampopiano.GitHubUserInformation;
				PRODUCT_NAME = "$(TARGET_NAME)";
				SERVER_URL = "https://api.github.com";
				SWIFT_EMIT_LOC_STRINGS = YES;
				SWIFT_VERSION = 5.0;
				TARGETED_DEVICE_FAMILY = "1,2";
			};
			name = Debug;
		};
		94021A912A19068200081271 /* Homologation */ = {
			isa = XCBuildConfiguration;
			baseConfigurationReference = 4D5DD9C6396D96BB6BB00644 /* Pods-GitHubUserInformation.homologation.xcconfig */;
			buildSettings = {
				APP_ENVIRONMENT = Homologation;
				ASSETCATALOG_COMPILER_APPICON_NAME = AppIcon;
				ASSETCATALOG_COMPILER_GLOBAL_ACCENT_COLOR_NAME = AccentColor;
				CODE_SIGN_STYLE = Automatic;
				CURRENT_PROJECT_VERSION = 1;
				DEVELOPMENT_TEAM = FLM2WYKE6E;
				GENERATE_INFOPLIST_FILE = YES;
				INFOPLIST_FILE = GitHubUserInformation/SuportFiles/Info.plist;
				INFOPLIST_KEY_UIApplicationSupportsIndirectInputEvents = YES;
				INFOPLIST_KEY_UILaunchStoryboardName = LaunchScreen;
				INFOPLIST_KEY_UISupportedInterfaceOrientations_iPad = "UIInterfaceOrientationPortrait UIInterfaceOrientationPortraitUpsideDown UIInterfaceOrientationLandscapeLeft UIInterfaceOrientationLandscapeRight";
				INFOPLIST_KEY_UISupportedInterfaceOrientations_iPhone = "UIInterfaceOrientationPortrait UIInterfaceOrientationLandscapeLeft UIInterfaceOrientationLandscapeRight";
				LD_RUNPATH_SEARCH_PATHS = (
					"$(inherited)",
					"@executable_path/Frameworks",
				);
				MARKETING_VERSION = 1.0;
				PRODUCT_BUNDLE_IDENTIFIER = br.com.andrecampopiano.GitHubUserInformation;
				PRODUCT_NAME = "$(TARGET_NAME)";
				SERVER_URL = "https://api.github.com";
				SWIFT_EMIT_LOC_STRINGS = YES;
				SWIFT_VERSION = 5.0;
				TARGETED_DEVICE_FAMILY = "1,2";
			};
			name = Homologation;
		};
		94021A932A19068200081271 /* Debug */ = {
			isa = XCBuildConfiguration;
			baseConfigurationReference = 77AF92F4A93A3195C18A346C /* Pods-GitHubUserInformation-GitHubUserInformationTests.debug.xcconfig */;
			buildSettings = {
				ALWAYS_EMBED_SWIFT_STANDARD_LIBRARIES = YES;
				BUNDLE_LOADER = "$(TEST_HOST)";
				CODE_SIGN_STYLE = Automatic;
				CURRENT_PROJECT_VERSION = 1;
				DEVELOPMENT_TEAM = FLM2WYKE6E;
				GENERATE_INFOPLIST_FILE = YES;
				IPHONEOS_DEPLOYMENT_TARGET = 16.2;
				MARKETING_VERSION = 1.0;
				PRODUCT_BUNDLE_IDENTIFIER = br.com.andrecampopiano.GitHubUserInformationTests;
				PRODUCT_NAME = "$(TARGET_NAME)";
				SWIFT_EMIT_LOC_STRINGS = NO;
				SWIFT_VERSION = 5.0;
				TARGETED_DEVICE_FAMILY = "1,2";
				TEST_HOST = "$(BUILT_PRODUCTS_DIR)/GitHubUserInformation.app/$(BUNDLE_EXECUTABLE_FOLDER_PATH)/GitHubUserInformation";
			};
			name = Debug;
		};
		94021A942A19068200081271 /* Homologation */ = {
			isa = XCBuildConfiguration;
			baseConfigurationReference = ED5174226CC09ED5532EA51B /* Pods-GitHubUserInformation-GitHubUserInformationTests.homologation.xcconfig */;
			buildSettings = {
				ALWAYS_EMBED_SWIFT_STANDARD_LIBRARIES = YES;
				BUNDLE_LOADER = "$(TEST_HOST)";
				CODE_SIGN_STYLE = Automatic;
				CURRENT_PROJECT_VERSION = 1;
				DEVELOPMENT_TEAM = FLM2WYKE6E;
				GENERATE_INFOPLIST_FILE = YES;
				IPHONEOS_DEPLOYMENT_TARGET = 16.2;
				MARKETING_VERSION = 1.0;
				PRODUCT_BUNDLE_IDENTIFIER = br.com.andrecampopiano.GitHubUserInformationTests;
				PRODUCT_NAME = "$(TARGET_NAME)";
				SWIFT_EMIT_LOC_STRINGS = NO;
				SWIFT_VERSION = 5.0;
				TARGETED_DEVICE_FAMILY = "1,2";
				TEST_HOST = "$(BUILT_PRODUCTS_DIR)/GitHubUserInformation.app/$(BUNDLE_EXECUTABLE_FOLDER_PATH)/GitHubUserInformation";
			};
			name = Homologation;
		};
		94021A962A19068200081271 /* Debug */ = {
			isa = XCBuildConfiguration;
			baseConfigurationReference = 337319C77D9BD50919C10E9D /* Pods-GitHubUserInformation-GitHubUserInformationUITests.debug.xcconfig */;
			buildSettings = {
				ALWAYS_EMBED_SWIFT_STANDARD_LIBRARIES = YES;
				CODE_SIGN_STYLE = Automatic;
				CURRENT_PROJECT_VERSION = 1;
				DEVELOPMENT_TEAM = FLM2WYKE6E;
				GENERATE_INFOPLIST_FILE = YES;
				MARKETING_VERSION = 1.0;
				PRODUCT_BUNDLE_IDENTIFIER = br.com.andrecampopiano.GitHubUserInformationUITests;
				PRODUCT_NAME = "$(TARGET_NAME)";
				SWIFT_EMIT_LOC_STRINGS = NO;
				SWIFT_VERSION = 5.0;
				TARGETED_DEVICE_FAMILY = "1,2";
				TEST_TARGET_NAME = GitHubUserInformation;
			};
			name = Debug;
		};
		94021A972A19068200081271 /* Homologation */ = {
			isa = XCBuildConfiguration;
			baseConfigurationReference = 7918ADB176D190F42118E4F0 /* Pods-GitHubUserInformation-GitHubUserInformationUITests.homologation.xcconfig */;
			buildSettings = {
				ALWAYS_EMBED_SWIFT_STANDARD_LIBRARIES = YES;
				CODE_SIGN_STYLE = Automatic;
				CURRENT_PROJECT_VERSION = 1;
				DEVELOPMENT_TEAM = FLM2WYKE6E;
				GENERATE_INFOPLIST_FILE = YES;
				MARKETING_VERSION = 1.0;
				PRODUCT_BUNDLE_IDENTIFIER = br.com.andrecampopiano.GitHubUserInformationUITests;
				PRODUCT_NAME = "$(TARGET_NAME)";
				SWIFT_EMIT_LOC_STRINGS = NO;
				SWIFT_VERSION = 5.0;
				TARGETED_DEVICE_FAMILY = "1,2";
				TEST_TARGET_NAME = GitHubUserInformation;
			};
			name = Homologation;
		};
		9478D8072A192A5400A1A72A /* Develop */ = {
			isa = XCBuildConfiguration;
			buildSettings = {
				ALWAYS_SEARCH_USER_PATHS = NO;
				CLANG_ANALYZER_NONNULL = YES;
				CLANG_ANALYZER_NUMBER_OBJECT_CONVERSION = YES_AGGRESSIVE;
				CLANG_CXX_LANGUAGE_STANDARD = "gnu++20";
				CLANG_ENABLE_MODULES = YES;
				CLANG_ENABLE_OBJC_ARC = YES;
				CLANG_ENABLE_OBJC_WEAK = YES;
				CLANG_WARN_BLOCK_CAPTURE_AUTORELEASING = YES;
				CLANG_WARN_BOOL_CONVERSION = YES;
				CLANG_WARN_COMMA = YES;
				CLANG_WARN_CONSTANT_CONVERSION = YES;
				CLANG_WARN_DEPRECATED_OBJC_IMPLEMENTATIONS = YES;
				CLANG_WARN_DIRECT_OBJC_ISA_USAGE = YES_ERROR;
				CLANG_WARN_DOCUMENTATION_COMMENTS = YES;
				CLANG_WARN_EMPTY_BODY = YES;
				CLANG_WARN_ENUM_CONVERSION = YES;
				CLANG_WARN_INFINITE_RECURSION = YES;
				CLANG_WARN_INT_CONVERSION = YES;
				CLANG_WARN_NON_LITERAL_NULL_CONVERSION = YES;
				CLANG_WARN_OBJC_IMPLICIT_RETAIN_SELF = YES;
				CLANG_WARN_OBJC_LITERAL_CONVERSION = YES;
				CLANG_WARN_OBJC_ROOT_CLASS = YES_ERROR;
				CLANG_WARN_QUOTED_INCLUDE_IN_FRAMEWORK_HEADER = YES;
				CLANG_WARN_RANGE_LOOP_ANALYSIS = YES;
				CLANG_WARN_STRICT_PROTOTYPES = YES;
				CLANG_WARN_SUSPICIOUS_MOVE = YES;
				CLANG_WARN_UNGUARDED_AVAILABILITY = YES_AGGRESSIVE;
				CLANG_WARN_UNREACHABLE_CODE = YES;
				CLANG_WARN__DUPLICATE_METHOD_MATCH = YES;
				COPY_PHASE_STRIP = NO;
				DEBUG_INFORMATION_FORMAT = dwarf;
				ENABLE_STRICT_OBJC_MSGSEND = YES;
				ENABLE_TESTABILITY = YES;
				GCC_C_LANGUAGE_STANDARD = gnu11;
				GCC_DYNAMIC_NO_PIC = NO;
				GCC_NO_COMMON_BLOCKS = YES;
				GCC_OPTIMIZATION_LEVEL = 0;
				GCC_PREPROCESSOR_DEFINITIONS = (
					"DEBUG=1",
					"$(inherited)",
				);
				GCC_WARN_64_TO_32_BIT_CONVERSION = YES;
				GCC_WARN_ABOUT_RETURN_TYPE = YES_ERROR;
				GCC_WARN_UNDECLARED_SELECTOR = YES;
				GCC_WARN_UNINITIALIZED_AUTOS = YES_AGGRESSIVE;
				GCC_WARN_UNUSED_FUNCTION = YES;
				GCC_WARN_UNUSED_VARIABLE = YES;
				IPHONEOS_DEPLOYMENT_TARGET = 16.2;
				MTL_ENABLE_DEBUG_INFO = INCLUDE_SOURCE;
				MTL_FAST_MATH = YES;
				ONLY_ACTIVE_ARCH = YES;
				SDKROOT = iphoneos;
				SWIFT_ACTIVE_COMPILATION_CONDITIONS = DEBUG;
				SWIFT_OPTIMIZATION_LEVEL = "-Onone";
			};
			name = Develop;
		};
		9478D8082A192A5400A1A72A /* Develop */ = {
			isa = XCBuildConfiguration;
			baseConfigurationReference = 370B8890D26E5E71EEED8BE8 /* Pods-GitHubUserInformation.develop.xcconfig */;
			buildSettings = {
				APP_ENVIRONMENT = Develop;
				ASSETCATALOG_COMPILER_APPICON_NAME = AppIcon;
				ASSETCATALOG_COMPILER_GLOBAL_ACCENT_COLOR_NAME = AccentColor;
				CODE_SIGN_STYLE = Automatic;
				CURRENT_PROJECT_VERSION = 1;
				DEVELOPMENT_TEAM = FLM2WYKE6E;
				GENERATE_INFOPLIST_FILE = YES;
				INFOPLIST_FILE = GitHubUserInformation/SuportFiles/Info.plist;
				INFOPLIST_KEY_UIApplicationSupportsIndirectInputEvents = YES;
				INFOPLIST_KEY_UILaunchStoryboardName = LaunchScreen;
				INFOPLIST_KEY_UISupportedInterfaceOrientations_iPad = "UIInterfaceOrientationPortrait UIInterfaceOrientationPortraitUpsideDown UIInterfaceOrientationLandscapeLeft UIInterfaceOrientationLandscapeRight";
				INFOPLIST_KEY_UISupportedInterfaceOrientations_iPhone = "UIInterfaceOrientationPortrait UIInterfaceOrientationLandscapeLeft UIInterfaceOrientationLandscapeRight";
				LD_RUNPATH_SEARCH_PATHS = (
					"$(inherited)",
					"@executable_path/Frameworks",
				);
				MARKETING_VERSION = 1.0;
				PRODUCT_BUNDLE_IDENTIFIER = br.com.andrecampopiano.GitHubUserInformation;
				PRODUCT_NAME = "$(TARGET_NAME)";
				SERVER_URL = "https://api.github.com";
				SWIFT_EMIT_LOC_STRINGS = YES;
				SWIFT_VERSION = 5.0;
				TARGETED_DEVICE_FAMILY = "1,2";
			};
			name = Develop;
		};
		9478D8092A192A5400A1A72A /* Develop */ = {
			isa = XCBuildConfiguration;
			baseConfigurationReference = ED3F7F5A0434B88FC2C3C2B4 /* Pods-GitHubUserInformation-GitHubUserInformationTests.develop.xcconfig */;
			buildSettings = {
				ALWAYS_EMBED_SWIFT_STANDARD_LIBRARIES = YES;
				BUNDLE_LOADER = "$(TEST_HOST)";
				CODE_SIGN_STYLE = Automatic;
				CURRENT_PROJECT_VERSION = 1;
				DEVELOPMENT_TEAM = FLM2WYKE6E;
				GENERATE_INFOPLIST_FILE = YES;
				IPHONEOS_DEPLOYMENT_TARGET = 16.2;
				MARKETING_VERSION = 1.0;
				PRODUCT_BUNDLE_IDENTIFIER = br.com.andrecampopiano.GitHubUserInformationTests;
				PRODUCT_NAME = "$(TARGET_NAME)";
				SWIFT_EMIT_LOC_STRINGS = NO;
				SWIFT_VERSION = 5.0;
				TARGETED_DEVICE_FAMILY = "1,2";
				TEST_HOST = "$(BUILT_PRODUCTS_DIR)/GitHubUserInformation.app/$(BUNDLE_EXECUTABLE_FOLDER_PATH)/GitHubUserInformation";
			};
			name = Develop;
		};
		9478D80A2A192A5400A1A72A /* Develop */ = {
			isa = XCBuildConfiguration;
			baseConfigurationReference = 915CB842D56A2EFB6BD39DE1 /* Pods-GitHubUserInformation-GitHubUserInformationUITests.develop.xcconfig */;
			buildSettings = {
				ALWAYS_EMBED_SWIFT_STANDARD_LIBRARIES = YES;
				CODE_SIGN_STYLE = Automatic;
				CURRENT_PROJECT_VERSION = 1;
				DEVELOPMENT_TEAM = FLM2WYKE6E;
				GENERATE_INFOPLIST_FILE = YES;
				MARKETING_VERSION = 1.0;
				PRODUCT_BUNDLE_IDENTIFIER = br.com.andrecampopiano.GitHubUserInformationUITests;
				PRODUCT_NAME = "$(TARGET_NAME)";
				SWIFT_EMIT_LOC_STRINGS = NO;
				SWIFT_VERSION = 5.0;
				TARGETED_DEVICE_FAMILY = "1,2";
				TEST_TARGET_NAME = GitHubUserInformation;
			};
			name = Develop;
		};
		9478D80B2A192A5E00A1A72A /* Release */ = {
			isa = XCBuildConfiguration;
			buildSettings = {
				ALWAYS_SEARCH_USER_PATHS = NO;
				CLANG_ANALYZER_NONNULL = YES;
				CLANG_ANALYZER_NUMBER_OBJECT_CONVERSION = YES_AGGRESSIVE;
				CLANG_CXX_LANGUAGE_STANDARD = "gnu++20";
				CLANG_ENABLE_MODULES = YES;
				CLANG_ENABLE_OBJC_ARC = YES;
				CLANG_ENABLE_OBJC_WEAK = YES;
				CLANG_WARN_BLOCK_CAPTURE_AUTORELEASING = YES;
				CLANG_WARN_BOOL_CONVERSION = YES;
				CLANG_WARN_COMMA = YES;
				CLANG_WARN_CONSTANT_CONVERSION = YES;
				CLANG_WARN_DEPRECATED_OBJC_IMPLEMENTATIONS = YES;
				CLANG_WARN_DIRECT_OBJC_ISA_USAGE = YES_ERROR;
				CLANG_WARN_DOCUMENTATION_COMMENTS = YES;
				CLANG_WARN_EMPTY_BODY = YES;
				CLANG_WARN_ENUM_CONVERSION = YES;
				CLANG_WARN_INFINITE_RECURSION = YES;
				CLANG_WARN_INT_CONVERSION = YES;
				CLANG_WARN_NON_LITERAL_NULL_CONVERSION = YES;
				CLANG_WARN_OBJC_IMPLICIT_RETAIN_SELF = YES;
				CLANG_WARN_OBJC_LITERAL_CONVERSION = YES;
				CLANG_WARN_OBJC_ROOT_CLASS = YES_ERROR;
				CLANG_WARN_QUOTED_INCLUDE_IN_FRAMEWORK_HEADER = YES;
				CLANG_WARN_RANGE_LOOP_ANALYSIS = YES;
				CLANG_WARN_STRICT_PROTOTYPES = YES;
				CLANG_WARN_SUSPICIOUS_MOVE = YES;
				CLANG_WARN_UNGUARDED_AVAILABILITY = YES_AGGRESSIVE;
				CLANG_WARN_UNREACHABLE_CODE = YES;
				CLANG_WARN__DUPLICATE_METHOD_MATCH = YES;
				COPY_PHASE_STRIP = NO;
				DEBUG_INFORMATION_FORMAT = "dwarf-with-dsym";
				ENABLE_NS_ASSERTIONS = NO;
				ENABLE_STRICT_OBJC_MSGSEND = YES;
				GCC_C_LANGUAGE_STANDARD = gnu11;
				GCC_NO_COMMON_BLOCKS = YES;
				GCC_WARN_64_TO_32_BIT_CONVERSION = YES;
				GCC_WARN_ABOUT_RETURN_TYPE = YES_ERROR;
				GCC_WARN_UNDECLARED_SELECTOR = YES;
				GCC_WARN_UNINITIALIZED_AUTOS = YES_AGGRESSIVE;
				GCC_WARN_UNUSED_FUNCTION = YES;
				GCC_WARN_UNUSED_VARIABLE = YES;
				IPHONEOS_DEPLOYMENT_TARGET = 16.2;
				MTL_ENABLE_DEBUG_INFO = NO;
				MTL_FAST_MATH = YES;
				SDKROOT = iphoneos;
				SWIFT_COMPILATION_MODE = wholemodule;
				SWIFT_OPTIMIZATION_LEVEL = "-O";
				VALIDATE_PRODUCT = YES;
			};
			name = Release;
		};
		9478D80C2A192A5E00A1A72A /* Release */ = {
			isa = XCBuildConfiguration;
			baseConfigurationReference = 97B4BF2849172EB6534A29FD /* Pods-GitHubUserInformation.release.xcconfig */;
			buildSettings = {
				APP_ENVIRONMENT = Release;
				ASSETCATALOG_COMPILER_APPICON_NAME = AppIcon;
				ASSETCATALOG_COMPILER_GLOBAL_ACCENT_COLOR_NAME = AccentColor;
				CODE_SIGN_STYLE = Automatic;
				CURRENT_PROJECT_VERSION = 1;
				DEVELOPMENT_TEAM = FLM2WYKE6E;
				GENERATE_INFOPLIST_FILE = YES;
				INFOPLIST_FILE = GitHubUserInformation/SuportFiles/Info.plist;
				INFOPLIST_KEY_UIApplicationSupportsIndirectInputEvents = YES;
				INFOPLIST_KEY_UILaunchStoryboardName = LaunchScreen;
				INFOPLIST_KEY_UISupportedInterfaceOrientations_iPad = "UIInterfaceOrientationPortrait UIInterfaceOrientationPortraitUpsideDown UIInterfaceOrientationLandscapeLeft UIInterfaceOrientationLandscapeRight";
				INFOPLIST_KEY_UISupportedInterfaceOrientations_iPhone = "UIInterfaceOrientationPortrait UIInterfaceOrientationLandscapeLeft UIInterfaceOrientationLandscapeRight";
				LD_RUNPATH_SEARCH_PATHS = (
					"$(inherited)",
					"@executable_path/Frameworks",
				);
				MARKETING_VERSION = 1.0;
				PRODUCT_BUNDLE_IDENTIFIER = br.com.andrecampopiano.GitHubUserInformation;
				PRODUCT_NAME = "$(TARGET_NAME)";
				SERVER_URL = "https://api.github.com";
				SWIFT_EMIT_LOC_STRINGS = YES;
				SWIFT_VERSION = 5.0;
				TARGETED_DEVICE_FAMILY = "1,2";
			};
			name = Release;
		};
		9478D80D2A192A5E00A1A72A /* Release */ = {
			isa = XCBuildConfiguration;
			baseConfigurationReference = 38095FDE96A6299CF0270308 /* Pods-GitHubUserInformation-GitHubUserInformationTests.release.xcconfig */;
			buildSettings = {
				ALWAYS_EMBED_SWIFT_STANDARD_LIBRARIES = YES;
				BUNDLE_LOADER = "$(TEST_HOST)";
				CODE_SIGN_STYLE = Automatic;
				CURRENT_PROJECT_VERSION = 1;
				DEVELOPMENT_TEAM = FLM2WYKE6E;
				GENERATE_INFOPLIST_FILE = YES;
				IPHONEOS_DEPLOYMENT_TARGET = 16.2;
				MARKETING_VERSION = 1.0;
				PRODUCT_BUNDLE_IDENTIFIER = br.com.andrecampopiano.GitHubUserInformationTests;
				PRODUCT_NAME = "$(TARGET_NAME)";
				SWIFT_EMIT_LOC_STRINGS = NO;
				SWIFT_VERSION = 5.0;
				TARGETED_DEVICE_FAMILY = "1,2";
				TEST_HOST = "$(BUILT_PRODUCTS_DIR)/GitHubUserInformation.app/$(BUNDLE_EXECUTABLE_FOLDER_PATH)/GitHubUserInformation";
			};
			name = Release;
		};
		9478D80E2A192A5E00A1A72A /* Release */ = {
			isa = XCBuildConfiguration;
			baseConfigurationReference = 7BB4B2749480FEF3E36C26F0 /* Pods-GitHubUserInformation-GitHubUserInformationUITests.release.xcconfig */;
			buildSettings = {
				ALWAYS_EMBED_SWIFT_STANDARD_LIBRARIES = YES;
				CODE_SIGN_STYLE = Automatic;
				CURRENT_PROJECT_VERSION = 1;
				DEVELOPMENT_TEAM = FLM2WYKE6E;
				GENERATE_INFOPLIST_FILE = YES;
				MARKETING_VERSION = 1.0;
				PRODUCT_BUNDLE_IDENTIFIER = br.com.andrecampopiano.GitHubUserInformationUITests;
				PRODUCT_NAME = "$(TARGET_NAME)";
				SWIFT_EMIT_LOC_STRINGS = NO;
				SWIFT_VERSION = 5.0;
				TARGETED_DEVICE_FAMILY = "1,2";
				TEST_TARGET_NAME = GitHubUserInformation;
			};
			name = Release;
		};
/* End XCBuildConfiguration section */

/* Begin XCConfigurationList section */
		94021A602A19068000081271 /* Build configuration list for PBXProject "GitHubUserInformation" */ = {
			isa = XCConfigurationList;
			buildConfigurations = (
				94021A8D2A19068200081271 /* Debug */,
				9478D8072A192A5400A1A72A /* Develop */,
				94021A8E2A19068200081271 /* Homologation */,
				9478D80B2A192A5E00A1A72A /* Release */,
			);
			defaultConfigurationIsVisible = 0;
			defaultConfigurationName = Homologation;
		};
		94021A8F2A19068200081271 /* Build configuration list for PBXNativeTarget "GitHubUserInformation" */ = {
			isa = XCConfigurationList;
			buildConfigurations = (
				94021A902A19068200081271 /* Debug */,
				9478D8082A192A5400A1A72A /* Develop */,
				94021A912A19068200081271 /* Homologation */,
				9478D80C2A192A5E00A1A72A /* Release */,
			);
			defaultConfigurationIsVisible = 0;
			defaultConfigurationName = Homologation;
		};
		94021A922A19068200081271 /* Build configuration list for PBXNativeTarget "GitHubUserInformationTests" */ = {
			isa = XCConfigurationList;
			buildConfigurations = (
				94021A932A19068200081271 /* Debug */,
				9478D8092A192A5400A1A72A /* Develop */,
				94021A942A19068200081271 /* Homologation */,
				9478D80D2A192A5E00A1A72A /* Release */,
			);
			defaultConfigurationIsVisible = 0;
			defaultConfigurationName = Homologation;
		};
		94021A952A19068200081271 /* Build configuration list for PBXNativeTarget "GitHubUserInformationUITests" */ = {
			isa = XCConfigurationList;
			buildConfigurations = (
				94021A962A19068200081271 /* Debug */,
				9478D80A2A192A5400A1A72A /* Develop */,
				94021A972A19068200081271 /* Homologation */,
				9478D80E2A192A5E00A1A72A /* Release */,
			);
			defaultConfigurationIsVisible = 0;
			defaultConfigurationName = Homologation;
		};
/* End XCConfigurationList section */
	};
	rootObject = 94021A5D2A19068000081271 /* Project object */;
}
