PODS:
  - ReachabilitySwift (5.0.0)
  - SwiftLint (0.52.2)

DEPENDENCIES:
  - ReachabilitySwift
  - SwiftLint

SPEC REPOS:
  trunk:
    - ReachabilitySwift
    - SwiftLint

SPEC CHECKSUMS:
  ReachabilitySwift: 985039c6f7b23a1da463388634119492ff86c825
  SwiftLint: 1ac76dac888ca05cb0cf24d0c85887ec1209961d

PODFILE CHECKSUM: 7b4d7d9bf8e14e1f84da5e913b95512c46b82439

COCOAPODS: 1.12.0
