{
  "pins" : [
    {
      "identity" : "coreswift",
      "kind" : "remoteSourceControl",
      "location" : "https://github.com/andrecampopiano/CoreSwift",
      "state" : {
        "revision" : "d5fcf11e2765f9b0b8f1526e166c5b6da746a7f8",
        "version" : "1.1.0"
      }
    }
  ],
  "version" : 2
}
